// !$*UTF8*$!
{
	archiveVersion = 1;
	classes = {
	};
	objectVersion = 56;
	objects = {

/* Begin PBXBuildFile section */
		B11CBC5F29B3818800176BC0 /* AppDelegate.swift in Sources */ = {isa = PBXBuildFile; fileRef = B11CBC5E29B3818800176BC0 /* AppDelegate.swift */; };
		B11CBC6129B3818800176BC0 /* SceneDelegate.swift in Sources */ = {isa = PBXBuildFile; fileRef = B11CBC6029B3818800176BC0 /* SceneDelegate.swift */; };
		B11CBC6329B3818800176BC0 /* ViewController.swift in Sources */ = {isa = PBXBuildFile; fileRef = B11CBC6229B3818800176BC0 /* ViewController.swift */; };
		B11CBC6629B3818800176BC0 /* Main.storyboard in Resources */ = {isa = PBXBuildFile; fileRef = B11CBC6429B3818800176BC0 /* Main.storyboard */; };
		B11CBC6829B3818800176BC0 /* Assets.xcassets in Resources */ = {isa = PBXBuildFile; fileRef = B11CBC6729B3818800176BC0 /* Assets.xcassets */; };
		B11CBC6B29B3818800176BC0 /* LaunchScreen.storyboard in Resources */ = {isa = PBXBuildFile; fileRef = B11CBC6929B3818800176BC0 /* LaunchScreen.storyboard */; };
		B11CBC8D29B38ED200176BC0 /* DetailVC.swift in Sources */ = {isa = PBXBuildFile; fileRef = B11CBC8C29B38ED200176BC0 /* DetailVC.swift */; };
		B11CBC8F29B3929C00176BC0 /* DetailVC.storyboard in Resources */ = {isa = PBXBuildFile; fileRef = B11CBC8E29B3929C00176BC0 /* DetailVC.storyboard */; };
		B11CBC9329B394EE00176BC0 /* SecondVC.swift in Sources */ = {isa = PBXBuildFile; fileRef = B11CBC9229B394EE00176BC0 /* SecondVC.swift */; };
		B16419CE29B395CC00A1269D /* SecondVC.storyboard in Resources */ = {isa = PBXBuildFile; fileRef = B16419CD29B395CC00A1269D /* SecondVC.storyboard */; };
		B16419D129B3968800A1269D /* ThirdVC.swift in Sources */ = {isa = PBXBuildFile; fileRef = B16419D029B3968800A1269D /* ThirdVC.swift */; };
		B16419D329B3969200A1269D /* ThirdVC.storyboard in Resources */ = {isa = PBXBuildFile; fileRef = B16419D229B3969200A1269D /* ThirdVC.storyboard */; };
/* End PBXBuildFile section */

/* Begin PBXFileReference section */
		B11CBC5B29B3818800176BC0 /* UIKit_Storyboard_Navigation_Tutorial.app */ = {isa = PBXFileReference; explicitFileType = wrapper.application; includeInIndex = 0; path = UIKit_Storyboard_Navigation_Tutorial.app; sourceTree = BUILT_PRODUCTS_DIR; };
		B11CBC5E29B3818800176BC0 /* AppDelegate.swift */ = {isa = PBXFileReference; lastKnownFileType = sourcecode.swift; path = AppDelegate.swift; sourceTree = "<group>"; };
		B11CBC6029B3818800176BC0 /* SceneDelegate.swift */ = {isa = PBXFileReference; lastKnownFileType = sourcecode.swift; path = SceneDelegate.swift; sourceTree = "<group>"; };
		B11CBC6229B3818800176BC0 /* ViewController.swift */ = {isa = PBXFileReference; lastKnownFileType = sourcecode.swift; path = ViewController.swift; sourceTree = "<group>"; };
		B11CBC6529B3818800176BC0 /* Base */ = {isa = PBXFileReference; lastKnownFileType = file.storyboard; name = Base; path = Base.lproj/Main.storyboard; sourceTree = "<group>"; };
		B11CBC6729B3818800176BC0 /* Assets.xcassets */ = {isa = PBXFileReference; lastKnownFileType = folder.assetcatalog; path = Assets.xcassets; sourceTree = "<group>"; };
		B11CBC6A29B3818800176BC0 /* Base */ = {isa = PBXFileReference; lastKnownFileType = file.storyboard; name = Base; path = Base.lproj/LaunchScreen.storyboard; sourceTree = "<group>"; };
		B11CBC6C29B3818800176BC0 /* Info.plist */ = {isa = PBXFileReference; lastKnownFileType = text.plist.xml; path = Info.plist; sourceTree = "<group>"; };
		B11CBC8C29B38ED200176BC0 /* DetailVC.swift */ = {isa = PBXFileReference; lastKnownFileType = sourcecode.swift; path = DetailVC.swift; sourceTree = "<group>"; };
		B11CBC8E29B3929C00176BC0 /* DetailVC.storyboard */ = {isa = PBXFileReference; lastKnownFileType = file.storyboard; path = DetailVC.storyboard; sourceTree = "<group>"; };
		B11CBC9229B394EE00176BC0 /* SecondVC.swift */ = {isa = PBXFileReference; lastKnownFileType = sourcecode.swift; path = SecondVC.swift; sourceTree = "<group>"; };
		B16419CD29B395CC00A1269D /* SecondVC.storyboard */ = {isa = PBXFileReference; lastKnownFileType = file.storyboard; path = SecondVC.storyboard; sourceTree = "<group>"; };
		B16419D029B3968800A1269D /* ThirdVC.swift */ = {isa = PBXFileReference; lastKnownFileType = sourcecode.swift; path = ThirdVC.swift; sourceTree = "<group>"; };
		B16419D229B3969200A1269D /* ThirdVC.storyboard */ = {isa = PBXFileReference; lastKnownFileType = file.storyboard; path = ThirdVC.storyboard; sourceTree = "<group>"; };
/* End PBXFileReference section */

/* Begin PBXFrameworksBuildPhase section */
		B11CBC5829B3818800176BC0 /* Frameworks */ = {
			isa = PBXFrameworksBuildPhase;
			buildActionMask = 2147483647;
			files = (
			);
			runOnlyForDeploymentPostprocessing = 0;
		};
/* End PBXFrameworksBuildPhase section */

/* Begin PBXGroup section */
		B11CBC5229B3818800176BC0 = {
			isa = PBXGroup;
			children = (
				B11CBC5D29B3818800176BC0 /* UIKit_Storyboard_Navigation_Tutorial */,
				B11CBC5C29B3818800176BC0 /* Products */,
			);
			sourceTree = "<group>";
		};
		B11CBC5C29B3818800176BC0 /* Products */ = {
			isa = PBXGroup;
			children = (
				B11CBC5B29B3818800176BC0 /* UIKit_Storyboard_Navigation_Tutorial.app */,
			);
			name = Products;
			sourceTree = "<group>";
		};
		B11CBC5D29B3818800176BC0 /* UIKit_Storyboard_Navigation_Tutorial */ = {
			isa = PBXGroup;
			children = (
				B11CBC5E29B3818800176BC0 /* AppDelegate.swift */,
				B11CBC6029B3818800176BC0 /* SceneDelegate.swift */,
				B16419CF29B395D600A1269D /* VC */,
				B11CBC9429B3957E00176BC0 /* Storyboard */,
				B11CBC6729B3818800176BC0 /* Assets.xcassets */,
				B11CBC6929B3818800176BC0 /* LaunchScreen.storyboard */,
				B11CBC6C29B3818800176BC0 /* Info.plist */,
			);
			path = UIKit_Storyboard_Navigation_Tutorial;
			sourceTree = "<group>";
		};
		B11CBC9429B3957E00176BC0 /* Storyboard */ = {
			isa = PBXGroup;
			children = (
				B11CBC6429B3818800176BC0 /* Main.storyboard */,
				B16419CD29B395CC00A1269D /* SecondVC.storyboard */,
				B16419D229B3969200A1269D /* ThirdVC.storyboard */,
				B11CBC8E29B3929C00176BC0 /* DetailVC.storyboard */,
			);
			path = Storyboard;
			sourceTree = "<group>";
		};
		B16419CF29B395D600A1269D /* VC */ = {
			isa = PBXGroup;
			children = (
				B11CBC6229B3818800176BC0 /* ViewController.swift */,
				B11CBC9229B394EE00176BC0 /* SecondVC.swift */,
				B16419D029B3968800A1269D /* ThirdVC.swift */,
				B11CBC8C29B38ED200176BC0 /* DetailVC.swift */,
			);
			path = VC;
			sourceTree = "<group>";
		};
/* End PBXGroup section */

/* Begin PBXNativeTarget section */
		B11CBC5A29B3818800176BC0 /* UIKit_Storyboard_Navigation_Tutorial */ = {
			isa = PBXNativeTarget;
			buildConfigurationList = B11CBC6F29B3818800176BC0 /* Build configuration list for PBXNativeTarget "UIKit_Storyboard_Navigation_Tutorial" */;
			buildPhases = (
				B11CBC5729B3818800176BC0 /* Sources */,
				B11CBC5829B3818800176BC0 /* Frameworks */,
				B11CBC5929B3818800176BC0 /* Resources */,
			);
			buildRules = (
			);
			dependencies = (
			);
			name = UIKit_Storyboard_Navigation_Tutorial;
			productName = UIKit_Storyboard_Navigation_Tutorial;
			productReference = B11CBC5B29B3818800176BC0 /* UIKit_Storyboard_Navigation_Tutorial.app */;
			productType = "com.apple.product-type.application";
		};
/* End PBXNativeTarget section */

/* Begin PBXProject section */
		B11CBC5329B3818800176BC0 /* Project object */ = {
			isa = PBXProject;
			attributes = {
				BuildIndependentTargetsInParallel = 1;
				LastSwiftUpdateCheck = 1420;
				LastUpgradeCheck = 1420;
				TargetAttributes = {
					B11CBC5A29B3818800176BC0 = {
						CreatedOnToolsVersion = 14.2;
					};
				};
			};
			buildConfigurationList = B11CBC5629B3818800176BC0 /* Build configuration list for PBXProject "UIKit_Storyboard_Navigation_Tutorial" */;
			compatibilityVersion = "Xcode 14.0";
			developmentRegion = en;
			hasScannedForEncodings = 0;
			knownRegions = (
				en,
				Base,
			);
			mainGroup = B11CBC5229B3818800176BC0;
			productRefGroup = B11CBC5C29B3818800176BC0 /* Products */;
			projectDirPath = "";
			projectRoot = "";
			targets = (
				B11CBC5A29B3818800176BC0 /* UIKit_Storyboard_Navigation_Tutorial */,
			);
		};
/* End PBXProject section */

/* Begin PBXResourcesBuildPhase section */
		B11CBC5929B3818800176BC0 /* Resources */ = {
			isa = PBXResourcesBuildPhase;
			buildActionMask = 2147483647;
			files = (
				B11CBC6B29B3818800176BC0 /* LaunchScreen.storyboard in Resources */,
				B16419CE29B395CC00A1269D /* SecondVC.storyboard in Resources */,
				B11CBC6829B3818800176BC0 /* Assets.xcassets in Resources */,
				B16419D329B3969200A1269D /* ThirdVC.storyboard in Resources */,
				B11CBC8F29B3929C00176BC0 /* DetailVC.storyboard in Resources */,
				B11CBC6629B3818800176BC0 /* Main.storyboard in Resources */,
			);
			runOnlyForDeploymentPostprocessing = 0;
		};
/* End PBXResourcesBuildPhase section */

/* Begin PBXSourcesBuildPhase section */
		B11CBC5729B3818800176BC0 /* Sources */ = {
			isa = PBXSourcesBuildPhase;
			buildActionMask = 2147483647;
			files = (
				B16419D129B3968800A1269D /* ThirdVC.swift in Sources */,
				B11CBC6329B3818800176BC0 /* ViewController.swift in Sources */,
				B11CBC9329B394EE00176BC0 /* SecondVC.swift in Sources */,
				B11CBC8D29B38ED200176BC0 /* DetailVC.swift in Sources */,
				B11CBC5F29B3818800176BC0 /* AppDelegate.swift in Sources */,
				B11CBC6129B3818800176BC0 /* SceneDelegate.swift in Sources */,
			);
			runOnlyForDeploymentPostprocessing = 0;
		};
/* End PBXSourcesBuildPhase section */

/* Begin PBXVariantGroup section */
		B11CBC6429B3818800176BC0 /* Main.storyboard */ = {
			isa = PBXVariantGroup;
			children = (
				B11CBC6529B3818800176BC0 /* Base */,
			);
			name = Main.storyboard;
			sourceTree = "<group>";
		};
		B11CBC6929B3818800176BC0 /* LaunchScreen.storyboard */ = {
			isa = PBXVariantGroup;
			children = (
				B11CBC6A29B3818800176BC0 /* Base */,
			);
			name = LaunchScreen.storyboard;
			sourceTree = "<group>";
		};
/* End PBXVariantGroup section */

/* Begin XCBuildConfiguration section */
		B11CBC6D29B3818800176BC0 /* Debug */ = {
			isa = XCBuildConfiguration;
			buildSettings = {
				ALWAYS_SEARCH_USER_PATHS = NO;
				CLANG_ANALYZER_NONNULL = YES;
				CLANG_ANALYZER_NUMBER_OBJECT_CONVERSION = YES_AGGRESSIVE;
				CLANG_CXX_LANGUAGE_STANDARD = "gnu++20";
				CLANG_ENABLE_MODULES = YES;
				CLANG_ENABLE_OBJC_ARC = YES;
				CLANG_ENABLE_OBJC_WEAK = YES;
				CLANG_WARN_BLOCK_CAPTURE_AUTORELEASING = YES;
				CLANG_WARN_BOOL_CONVERSION = YES;
				CLANG_WARN_COMMA = YES;
				CLANG_WARN_CONSTANT_CONVERSION = YES;
				CLANG_WARN_DEPRECATED_OBJC_IMPLEMENTATIONS = YES;
				CLANG_WARN_DIRECT_OBJC_ISA_USAGE = YES_ERROR;
				CLANG_WARN_DOCUMENTATION_COMMENTS = YES;
				CLANG_WARN_EMPTY_BODY = YES;
				CLANG_WARN_ENUM_CONVERSION = YES;
				CLANG_WARN_INFINITE_RECURSION = YES;
				CLANG_WARN_INT_CONVERSION = YES;
				CLANG_WARN_NON_LITERAL_NULL_CONVERSION = YES;
				CLANG_WARN_OBJC_IMPLICIT_RETAIN_SELF = YES;
				CLANG_WARN_OBJC_LITERAL_CONVERSION = YES;
				CLANG_WARN_OBJC_ROOT_CLASS = YES_ERROR;
				CLANG_WARN_QUOTED_INCLUDE_IN_FRAMEWORK_HEADER = YES;
				CLANG_WARN_RANGE_LOOP_ANALYSIS = YES;
				CLANG_WARN_STRICT_PROTOTYPES = YES;
				CLANG_WARN_SUSPICIOUS_MOVE = YES;
				CLANG_WARN_UNGUARDED_AVAILABILITY = YES_AGGRESSIVE;
				CLANG_WARN_UNREACHABLE_CODE = YES;
				CLANG_WARN__DUPLICATE_METHOD_MATCH = YES;
				COPY_PHASE_STRIP = NO;
				DEBUG_INFORMATION_FORMAT = dwarf;
				ENABLE_STRICT_OBJC_MSGSEND = YES;
				ENABLE_TESTABILITY = YES;
				GCC_C_LANGUAGE_STANDARD = gnu11;
				GCC_DYNAMIC_NO_PIC = NO;
				GCC_NO_COMMON_BLOCKS = YES;
				GCC_OPTIMIZATION_LEVEL = 0;
				GCC_PREPROCESSOR_DEFINITIONS = (
					"DEBUG=1",
					"$(inherited)",
				);
				GCC_WARN_64_TO_32_BIT_CONVERSION = YES;
				GCC_WARN_ABOUT_RETURN_TYPE = YES_ERROR;
				GCC_WARN_UNDECLARED_SELECTOR = YES;
				GCC_WARN_UNINITIALIZED_AUTOS = YES_AGGRESSIVE;
				GCC_WARN_UNUSED_FUNCTION = YES;
				GCC_WARN_UNUSED_VARIABLE = YES;
				IPHONEOS_DEPLOYMENT_TARGET = 14.0;
				MTL_ENABLE_DEBUG_INFO = INCLUDE_SOURCE;
				MTL_FAST_MATH = YES;
				ONLY_ACTIVE_ARCH = YES;
				SDKROOT = iphoneos;
				SWIFT_ACTIVE_COMPILATION_CONDITIONS = DEBUG;
				SWIFT_OPTIMIZATION_LEVEL = "-Onone";
			};
			name = Debug;
		};
		B11CBC6E29B3818800176BC0 /* Release */ = {
			isa = XCBuildConfiguration;
			buildSettings = {
				ALWAYS_SEARCH_USER_PATHS = NO;
				CLANG_ANALYZER_NONNULL = YES;
				CLANG_ANALYZER_NUMBER_OBJECT_CONVERSION = YES_AGGRESSIVE;
				CLANG_CXX_LANGUAGE_STANDARD = "gnu++20";
				CLANG_ENABLE_MODULES = YES;
				CLANG_ENABLE_OBJC_ARC = YES;
				CLANG_ENABLE_OBJC_WEAK = YES;
				CLANG_WARN_BLOCK_CAPTURE_AUTORELEASING = YES;
				CLANG_WARN_BOOL_CONVERSION = YES;
				CLANG_WARN_COMMA = YES;
				CLANG_WARN_CONSTANT_CONVERSION = YES;
				CLANG_WARN_DEPRECATED_OBJC_IMPLEMENTATIONS = YES;
				CLANG_WARN_DIRECT_OBJC_ISA_USAGE = YES_ERROR;
				CLANG_WARN_DOCUMENTATION_COMMENTS = YES;
				CLANG_WARN_EMPTY_BODY = YES;
				CLANG_WARN_ENUM_CONVERSION = YES;
				CLANG_WARN_INFINITE_RECURSION = YES;
				CLANG_WARN_INT_CONVERSION = YES;
				CLANG_WARN_NON_LITERAL_NULL_CONVERSION = YES;
				CLANG_WARN_OBJC_IMPLICIT_RETAIN_SELF = YES;
				CLANG_WARN_OBJC_LITERAL_CONVERSION = YES;
				CLANG_WARN_OBJC_ROOT_CLASS = YES_ERROR;
				CLANG_WARN_QUOTED_INCLUDE_IN_FRAMEWORK_HEADER = YES;
				CLANG_WARN_RANGE_LOOP_ANALYSIS = YES;
				CLANG_WARN_STRICT_PROTOTYPES = YES;
				CLANG_WARN_SUSPICIOUS_MOVE = YES;
				CLANG_WARN_UNGUARDED_AVAILABILITY = YES_AGGRESSIVE;
				CLANG_WARN_UNREACHABLE_CODE = YES;
				CLANG_WARN__DUPLICATE_METHOD_MATCH = YES;
				COPY_PHASE_STRIP = NO;
				DEBUG_INFORMATION_FORMAT = "dwarf-with-dsym";
				ENABLE_NS_ASSERTIONS = NO;
				ENABLE_STRICT_OBJC_MSGSEND = YES;
				GCC_C_LANGUAGE_STANDARD = gnu11;
				GCC_NO_COMMON_BLOCKS = YES;
				GCC_WARN_64_TO_32_BIT_CONVERSION = YES;
				GCC_WARN_ABOUT_RETURN_TYPE = YES_ERROR;
				GCC_WARN_UNDECLARED_SELECTOR = YES;
				GCC_WARN_UNINITIALIZED_AUTOS = YES_AGGRESSIVE;
				GCC_WARN_UNUSED_FUNCTION = YES;
				GCC_WARN_UNUSED_VARIABLE = YES;
				IPHONEOS_DEPLOYMENT_TARGET = 14.0;
				MTL_ENABLE_DEBUG_INFO = NO;
				MTL_FAST_MATH = YES;
				SDKROOT = iphoneos;
				SWIFT_COMPILATION_MODE = wholemodule;
				SWIFT_OPTIMIZATION_LEVEL = "-O";
				VALIDATE_PRODUCT = YES;
			};
			name = Release;
		};
		B11CBC7029B3818800176BC0 /* Debug */ = {
			isa = XCBuildConfiguration;
			buildSettings = {
				ASSETCATALOG_COMPILER_APPICON_NAME = AppIcon;
				ASSETCATALOG_COMPILER_GLOBAL_ACCENT_COLOR_NAME = AccentColor;
				CODE_SIGN_STYLE = Automatic;
				CURRENT_PROJECT_VERSION = 1;
				DEVELOPMENT_TEAM = 2YCWSAT8JT;
				GENERATE_INFOPLIST_FILE = YES;
				INFOPLIST_FILE = UIKit_Storyboard_Navigation_Tutorial/Info.plist;
				INFOPLIST_KEY_UIApplicationSupportsIndirectInputEvents = YES;
				INFOPLIST_KEY_UILaunchStoryboardName = LaunchScreen;
				INFOPLIST_KEY_UIMainStoryboardFile = Main;
				INFOPLIST_KEY_UISupportedInterfaceOrientations = UIInterfaceOrientationPortrait;
				INFOPLIST_KEY_UISupportedInterfaceOrientations_iPad = "UIInterfaceOrientationLandscapeLeft UIInterfaceOrientationLandscapeRight UIInterfaceOrientationPortrait UIInterfaceOrientationPortraitUpsideDown";
				IPHONEOS_DEPLOYMENT_TARGET = 14.0;
				LD_RUNPATH_SEARCH_PATHS = (
					"$(inherited)",
					"@executable_path/Frameworks",
				);
				MARKETING_VERSION = 1.0;
				PRODUCT_BUNDLE_IDENTIFIER = "com.i-yongil.UIKit-Storyboard-Navigation-Tutorial";
				PRODUCT_NAME = "$(TARGET_NAME)";
				SUPPORTED_PLATFORMS = "iphoneos iphonesimulator";
				SUPPORTS_MACCATALYST = NO;
				SUPPORTS_MAC_DESIGNED_FOR_IPHONE_IPAD = NO;
				SWIFT_EMIT_LOC_STRINGS = YES;
				SWIFT_VERSION = 5.0;
				TARGETED_DEVICE_FAMILY = 1;
			};
			name = Debug;
		};
		B11CBC7129B3818800176BC0 /* Release */ = {
			isa = XCBuildConfiguration;
			buildSettings = {
				ASSETCATALOG_COMPILER_APPICON_NAME = AppIcon;
				ASSETCATALOG_COMPILER_GLOBAL_ACCENT_COLOR_NAME = AccentColor;
				CODE_SIGN_STYLE = Automatic;
				CURRENT_PROJECT_VERSION = 1;
				DEVELOPMENT_TEAM = 2YCWSAT8JT;
				GENERATE_INFOPLIST_FILE = YES;
				INFOPLIST_FILE = UIKit_Storyboard_Navigation_Tutorial/Info.plist;
				INFOPLIST_KEY_UIApplicationSupportsIndirectInputEvents = YES;
				INFOPLIST_KEY_UILaunchStoryboardName = LaunchScreen;
				INFOPLIST_KEY_UIMainStoryboardFile = Main;
				INFOPLIST_KEY_UISupportedInterfaceOrientations = UIInterfaceOrientationPortrait;
				INFOPLIST_KEY_UISupportedInterfaceOrientations_iPad = "UIInterfaceOrientationLandscapeLeft UIInterfaceOrientationLandscapeRight UIInterfaceOrientationPortrait UIInterfaceOrientationPortraitUpsideDown";
				IPHONEOS_DEPLOYMENT_TARGET = 14.0;
				LD_RUNPATH_SEARCH_PATHS = (
					"$(inherited)",
					"@executable_path/Frameworks",
				);
				MARKETING_VERSION = 1.0;
				PRODUCT_BUNDLE_IDENTIFIER = "com.i-yongil.UIKit-Storyboard-Navigation-Tutorial";
				PRODUCT_NAME = "$(TARGET_NAME)";
				SUPPORTED_PLATFORMS = "iphoneos iphonesimulator";
				SUPPORTS_MACCATALYST = NO;
				SUPPORTS_MAC_DESIGNED_FOR_IPHONE_IPAD = NO;
				SWIFT_EMIT_LOC_STRINGS = YES;
				SWIFT_VERSION = 5.0;
				TARGETED_DEVICE_FAMILY = 1;
			};
			name = Release;
		};
/* End XCBuildConfiguration section */

/* Begin XCConfigurationList section */
		B11CBC5629B3818800176BC0 /* Build configuration list for PBXProject "UIKit_Storyboard_Navigation_Tutorial" */ = {
			isa = XCConfigurationList;
			buildConfigurations = (
				B11CBC6D29B3818800176BC0 /* Debug */,
				B11CBC6E29B3818800176BC0 /* Release */,
			);
			defaultConfigurationIsVisible = 0;
			defaultConfigurationName = Release;
		};
		B11CBC6F29B3818800176BC0 /* Build configuration list for PBXNativeTarget "UIKit_Storyboard_Navigation_Tutorial" */ = {
			isa = XCConfigurationList;
			buildConfigurations = (
				B11CBC7029B3818800176BC0 /* Debug */,
				B11CBC7129B3818800176BC0 /* Release */,
			);
			defaultConfigurationIsVisible = 0;
			defaultConfigurationName = Release;
		};
/* End XCConfigurationList section */
	};
	rootObject = B11CBC5329B3818800176BC0 /* Project object */;
}
