// !$*UTF8*$!
{
	archiveVersion = 1;
	classes = {
	};
	objectVersion = 56;
	objects = {

/* Begin PBXBuildFile section */
		B19B297229AB0FC4003DC03E /* AppDelegate.swift in Sources */ = {isa = PBXBuildFile; fileRef = B19B297129AB0FC4003DC03E /* AppDelegate.swift */; };
		B19B297429AB0FC4003DC03E /* SceneDelegate.swift in Sources */ = {isa = PBXBuildFile; fileRef = B19B297329AB0FC4003DC03E /* SceneDelegate.swift */; };
		B19B297629AB0FC4003DC03E /* MainViewController.swift in Sources */ = {isa = PBXBuildFile; fileRef = B19B297529AB0FC4003DC03E /* MainViewController.swift */; };
		B19B297929AB0FC4003DC03E /* Main.storyboard in Resources */ = {isa = PBXBuildFile; fileRef = B19B297729AB0FC4003DC03E /* Main.storyboard */; };
		B19B297B29AB0FC5003DC03E /* Assets.xcassets in Resources */ = {isa = PBXBuildFile; fileRef = B19B297A29AB0FC5003DC03E /* Assets.xcassets */; };
		B19B297E29AB0FC5003DC03E /* LaunchScreen.storyboard in Resources */ = {isa = PBXBuildFile; fileRef = B19B297C29AB0FC5003DC03E /* LaunchScreen.storyboard */; };
		B19B298C29AB106C003DC03E /* Then in Frameworks */ = {isa = PBXBuildFile; productRef = B19B298B29AB106C003DC03E /* Then */; };
		B19B298F29AB1090003DC03E /* SnapKit in Frameworks */ = {isa = PBXBuildFile; productRef = B19B298E29AB1090003DC03E /* SnapKit */; };
		B19B299229AB10CE003DC03E /* PresentViewController.swift in Sources */ = {isa = PBXBuildFile; fileRef = B19B299129AB10CE003DC03E /* PresentViewController.swift */; };
		B19B299429AB10DA003DC03E /* PopupViewController.swift in Sources */ = {isa = PBXBuildFile; fileRef = B19B299329AB10DA003DC03E /* PopupViewController.swift */; };
		B19B299629AB1124003DC03E /* MainView.swift in Sources */ = {isa = PBXBuildFile; fileRef = B19B299529AB1124003DC03E /* MainView.swift */; };
		B19B299929AB114E003DC03E /* PopupView.swift in Sources */ = {isa = PBXBuildFile; fileRef = B19B299829AB114E003DC03E /* PopupView.swift */; };
		B19B299B29AB117B003DC03E /* UserDefaults.swift in Sources */ = {isa = PBXBuildFile; fileRef = B19B299A29AB117B003DC03E /* UserDefaults.swift */; };
		B19B299D29AB119A003DC03E /* Utilities.swift in Sources */ = {isa = PBXBuildFile; fileRef = B19B299C29AB119A003DC03E /* Utilities.swift */; };
		B19B299F29AB11BE003DC03E /* UIView + Ext.swift in Sources */ = {isa = PBXBuildFile; fileRef = B19B299E29AB11BE003DC03E /* UIView + Ext.swift */; };
		B19B29A129AB11CF003DC03E /* UIColor + Ext.swift in Sources */ = {isa = PBXBuildFile; fileRef = B19B29A029AB11CF003DC03E /* UIColor + Ext.swift */; };
/* End PBXBuildFile section */

/* Begin PBXFileReference section */
		B19B296E29AB0FC4003DC03E /* PopUp.app */ = {isa = PBXFileReference; explicitFileType = wrapper.application; includeInIndex = 0; path = PopUp.app; sourceTree = BUILT_PRODUCTS_DIR; };
		B19B297129AB0FC4003DC03E /* AppDelegate.swift */ = {isa = PBXFileReference; lastKnownFileType = sourcecode.swift; path = AppDelegate.swift; sourceTree = "<group>"; };
		B19B297329AB0FC4003DC03E /* SceneDelegate.swift */ = {isa = PBXFileReference; lastKnownFileType = sourcecode.swift; path = SceneDelegate.swift; sourceTree = "<group>"; };
		B19B297529AB0FC4003DC03E /* MainViewController.swift */ = {isa = PBXFileReference; lastKnownFileType = sourcecode.swift; path = MainViewController.swift; sourceTree = "<group>"; };
		B19B297829AB0FC4003DC03E /* Base */ = {isa = PBXFileReference; lastKnownFileType = file.storyboard; name = Base; path = Base.lproj/Main.storyboard; sourceTree = "<group>"; };
		B19B297A29AB0FC5003DC03E /* Assets.xcassets */ = {isa = PBXFileReference; lastKnownFileType = folder.assetcatalog; path = Assets.xcassets; sourceTree = "<group>"; };
		B19B297D29AB0FC5003DC03E /* Base */ = {isa = PBXFileReference; lastKnownFileType = file.storyboard; name = Base; path = Base.lproj/LaunchScreen.storyboard; sourceTree = "<group>"; };
		B19B297F29AB0FC5003DC03E /* Info.plist */ = {isa = PBXFileReference; lastKnownFileType = text.plist.xml; path = Info.plist; sourceTree = "<group>"; };
		B19B299129AB10CE003DC03E /* PresentViewController.swift */ = {isa = PBXFileReference; lastKnownFileType = sourcecode.swift; path = PresentViewController.swift; sourceTree = "<group>"; };
		B19B299329AB10DA003DC03E /* PopupViewController.swift */ = {isa = PBXFileReference; lastKnownFileType = sourcecode.swift; path = PopupViewController.swift; sourceTree = "<group>"; };
		B19B299529AB1124003DC03E /* MainView.swift */ = {isa = PBXFileReference; lastKnownFileType = sourcecode.swift; path = MainView.swift; sourceTree = "<group>"; };
		B19B299829AB114E003DC03E /* PopupView.swift */ = {isa = PBXFileReference; lastKnownFileType = sourcecode.swift; path = PopupView.swift; sourceTree = "<group>"; };
		B19B299A29AB117B003DC03E /* UserDefaults.swift */ = {isa = PBXFileReference; lastKnownFileType = sourcecode.swift; path = UserDefaults.swift; sourceTree = "<group>"; };
		B19B299C29AB119A003DC03E /* Utilities.swift */ = {isa = PBXFileReference; lastKnownFileType = sourcecode.swift; path = Utilities.swift; sourceTree = "<group>"; };
		B19B299E29AB11BE003DC03E /* UIView + Ext.swift */ = {isa = PBXFileReference; lastKnownFileType = sourcecode.swift; path = "UIView + Ext.swift"; sourceTree = "<group>"; };
		B19B29A029AB11CF003DC03E /* UIColor + Ext.swift */ = {isa = PBXFileReference; lastKnownFileType = sourcecode.swift; path = "UIColor + Ext.swift"; sourceTree = "<group>"; };
/* End PBXFileReference section */

/* Begin PBXFrameworksBuildPhase section */
		B19B296B29AB0FC4003DC03E /* Frameworks */ = {
			isa = PBXFrameworksBuildPhase;
			buildActionMask = 2147483647;
			files = (
				B19B298C29AB106C003DC03E /* Then in Frameworks */,
				B19B298F29AB1090003DC03E /* SnapKit in Frameworks */,
			);
			runOnlyForDeploymentPostprocessing = 0;
		};
/* End PBXFrameworksBuildPhase section */

/* Begin PBXGroup section */
		B19B296529AB0FC4003DC03E = {
			isa = PBXGroup;
			children = (
				B19B297029AB0FC4003DC03E /* PopUp */,
				B19B296F29AB0FC4003DC03E /* Products */,
			);
			sourceTree = "<group>";
		};
		B19B296F29AB0FC4003DC03E /* Products */ = {
			isa = PBXGroup;
			children = (
				B19B296E29AB0FC4003DC03E /* PopUp.app */,
			);
			name = Products;
			sourceTree = "<group>";
		};
		B19B297029AB0FC4003DC03E /* PopUp */ = {
			isa = PBXGroup;
			children = (
				B19B297129AB0FC4003DC03E /* AppDelegate.swift */,
				B19B297329AB0FC4003DC03E /* SceneDelegate.swift */,
				B19B298929AB102B003DC03E /* Extensions */,
				B19B298829AB1028003DC03E /* Utils */,
				B19B298729AB101C003DC03E /* Models */,
				B19B298629AB1017003DC03E /* Views */,
				B19B298529AB1012003DC03E /* Controllers */,
				B19B297729AB0FC4003DC03E /* Main.storyboard */,
				B19B297A29AB0FC5003DC03E /* Assets.xcassets */,
				B19B297C29AB0FC5003DC03E /* LaunchScreen.storyboard */,
				B19B297F29AB0FC5003DC03E /* Info.plist */,
			);
			path = PopUp;
			sourceTree = "<group>";
		};
		B19B298529AB1012003DC03E /* Controllers */ = {
			isa = PBXGroup;
			children = (
				B19B299029AB10B0003DC03E /* PopupVC */,
				B19B297529AB0FC4003DC03E /* MainViewController.swift */,
			);
			path = Controllers;
			sourceTree = "<group>";
		};
		B19B298629AB1017003DC03E /* Views */ = {
			isa = PBXGroup;
			children = (
				B19B299729AB113A003DC03E /* PopView */,
				B19B299529AB1124003DC03E /* MainView.swift */,
			);
			path = Views;
			sourceTree = "<group>";
		};
		B19B298729AB101C003DC03E /* Models */ = {
			isa = PBXGroup;
			children = (
				B19B299A29AB117B003DC03E /* UserDefaults.swift */,
			);
			path = Models;
			sourceTree = "<group>";
		};
		B19B298829AB1028003DC03E /* Utils */ = {
			isa = PBXGroup;
			children = (
				B19B299C29AB119A003DC03E /* Utilities.swift */,
			);
			path = Utils;
			sourceTree = "<group>";
		};
		B19B298929AB102B003DC03E /* Extensions */ = {
			isa = PBXGroup;
			children = (
				B19B299E29AB11BE003DC03E /* UIView + Ext.swift */,
				B19B29A029AB11CF003DC03E /* UIColor + Ext.swift */,
			);
			path = Extensions;
			sourceTree = "<group>";
		};
		B19B299029AB10B0003DC03E /* PopupVC */ = {
			isa = PBXGroup;
			children = (
				B19B299329AB10DA003DC03E /* PopupViewController.swift */,
				B19B299129AB10CE003DC03E /* PresentViewController.swift */,
			);
			path = PopupVC;
			sourceTree = "<group>";
		};
		B19B299729AB113A003DC03E /* PopView */ = {
			isa = PBXGroup;
			children = (
				B19B299829AB114E003DC03E /* PopupView.swift */,
			);
			path = PopView;
			sourceTree = "<group>";
		};
/* End PBXGroup section */

/* Begin PBXNativeTarget section */
		B19B296D29AB0FC4003DC03E /* PopUp */ = {
			isa = PBXNativeTarget;
			buildConfigurationList = B19B298229AB0FC5003DC03E /* Build configuration list for PBXNativeTarget "PopUp" */;
			buildPhases = (
				B19B296A29AB0FC4003DC03E /* Sources */,
				B19B296B29AB0FC4003DC03E /* Frameworks */,
				B19B296C29AB0FC4003DC03E /* Resources */,
			);
			buildRules = (
			);
			dependencies = (
			);
			name = PopUp;
			packageProductDependencies = (
				B19B298B29AB106C003DC03E /* Then */,
				B19B298E29AB1090003DC03E /* SnapKit */,
			);
			productName = PopUp;
			productReference = B19B296E29AB0FC4003DC03E /* PopUp.app */;
			productType = "com.apple.product-type.application";
		};
/* End PBXNativeTarget section */

/* Begin PBXProject section */
		B19B296629AB0FC4003DC03E /* Project object */ = {
			isa = PBXProject;
			attributes = {
				BuildIndependentTargetsInParallel = 1;
				LastSwiftUpdateCheck = 1420;
				LastUpgradeCheck = 1420;
				TargetAttributes = {
					B19B296D29AB0FC4003DC03E = {
						CreatedOnToolsVersion = 14.2;
					};
				};
			};
			buildConfigurationList = B19B296929AB0FC4003DC03E /* Build configuration list for PBXProject "PopUp" */;
			compatibilityVersion = "Xcode 14.0";
			developmentRegion = en;
			hasScannedForEncodings = 0;
			knownRegions = (
				en,
				Base,
			);
			mainGroup = B19B296529AB0FC4003DC03E;
			packageReferences = (
				B19B298A29AB106C003DC03E /* XCRemoteSwiftPackageReference "Then" */,
				B19B298D29AB1090003DC03E /* XCRemoteSwiftPackageReference "SnapKit" */,
			);
			productRefGroup = B19B296F29AB0FC4003DC03E /* Products */;
			projectDirPath = "";
			projectRoot = "";
			targets = (
				B19B296D29AB0FC4003DC03E /* PopUp */,
			);
		};
/* End PBXProject section */

/* Begin PBXResourcesBuildPhase section */
		B19B296C29AB0FC4003DC03E /* Resources */ = {
			isa = PBXResourcesBuildPhase;
			buildActionMask = 2147483647;
			files = (
				B19B297E29AB0FC5003DC03E /* LaunchScreen.storyboard in Resources */,
				B19B297B29AB0FC5003DC03E /* Assets.xcassets in Resources */,
				B19B297929AB0FC4003DC03E /* Main.storyboard in Resources */,
			);
			runOnlyForDeploymentPostprocessing = 0;
		};
/* End PBXResourcesBuildPhase section */

/* Begin PBXSourcesBuildPhase section */
		B19B296A29AB0FC4003DC03E /* Sources */ = {
			isa = PBXSourcesBuildPhase;
			buildActionMask = 2147483647;
			files = (
				B19B299929AB114E003DC03E /* PopupView.swift in Sources */,
				B19B299429AB10DA003DC03E /* PopupViewController.swift in Sources */,
				B19B299629AB1124003DC03E /* MainView.swift in Sources */,
				B19B297629AB0FC4003DC03E /* MainViewController.swift in Sources */,
				B19B299F29AB11BE003DC03E /* UIView + Ext.swift in Sources */,
				B19B299B29AB117B003DC03E /* UserDefaults.swift in Sources */,
				B19B297229AB0FC4003DC03E /* AppDelegate.swift in Sources */,
				B19B299D29AB119A003DC03E /* Utilities.swift in Sources */,
				B19B299229AB10CE003DC03E /* PresentViewController.swift in Sources */,
				B19B29A129AB11CF003DC03E /* UIColor + Ext.swift in Sources */,
				B19B297429AB0FC4003DC03E /* SceneDelegate.swift in Sources */,
			);
			runOnlyForDeploymentPostprocessing = 0;
		};
/* End PBXSourcesBuildPhase section */

/* Begin PBXVariantGroup section */
		B19B297729AB0FC4003DC03E /* Main.storyboard */ = {
			isa = PBXVariantGroup;
			children = (
				B19B297829AB0FC4003DC03E /* Base */,
			);
			name = Main.storyboard;
			sourceTree = "<group>";
		};
		B19B297C29AB0FC5003DC03E /* LaunchScreen.storyboard */ = {
			isa = PBXVariantGroup;
			children = (
				B19B297D29AB0FC5003DC03E /* Base */,
			);
			name = LaunchScreen.storyboard;
			sourceTree = "<group>";
		};
/* End PBXVariantGroup section */

/* Begin XCBuildConfiguration section */
		B19B298029AB0FC5003DC03E /* Debug */ = {
			isa = XCBuildConfiguration;
			buildSettings = {
				ALWAYS_SEARCH_USER_PATHS = NO;
				CLANG_ANALYZER_NONNULL = YES;
				CLANG_ANALYZER_NUMBER_OBJECT_CONVERSION = YES_AGGRESSIVE;
				CLANG_CXX_LANGUAGE_STANDARD = "gnu++20";
				CLANG_ENABLE_MODULES = YES;
				CLANG_ENABLE_OBJC_ARC = YES;
				CLANG_ENABLE_OBJC_WEAK = YES;
				CLANG_WARN_BLOCK_CAPTURE_AUTORELEASING = YES;
				CLANG_WARN_BOOL_CONVERSION = YES;
				CLANG_WARN_COMMA = YES;
				CLANG_WARN_CONSTANT_CONVERSION = YES;
				CLANG_WARN_DEPRECATED_OBJC_IMPLEMENTATIONS = YES;
				CLANG_WARN_DIRECT_OBJC_ISA_USAGE = YES_ERROR;
				CLANG_WARN_DOCUMENTATION_COMMENTS = YES;
				CLANG_WARN_EMPTY_BODY = YES;
				CLANG_WARN_ENUM_CONVERSION = YES;
				CLANG_WARN_INFINITE_RECURSION = YES;
				CLANG_WARN_INT_CONVERSION = YES;
				CLANG_WARN_NON_LITERAL_NULL_CONVERSION = YES;
				CLANG_WARN_OBJC_IMPLICIT_RETAIN_SELF = YES;
				CLANG_WARN_OBJC_LITERAL_CONVERSION = YES;
				CLANG_WARN_OBJC_ROOT_CLASS = YES_ERROR;
				CLANG_WARN_QUOTED_INCLUDE_IN_FRAMEWORK_HEADER = YES;
				CLANG_WARN_RANGE_LOOP_ANALYSIS = YES;
				CLANG_WARN_STRICT_PROTOTYPES = YES;
				CLANG_WARN_SUSPICIOUS_MOVE = YES;
				CLANG_WARN_UNGUARDED_AVAILABILITY = YES_AGGRESSIVE;
				CLANG_WARN_UNREACHABLE_CODE = YES;
				CLANG_WARN__DUPLICATE_METHOD_MATCH = YES;
				COPY_PHASE_STRIP = NO;
				DEBUG_INFORMATION_FORMAT = dwarf;
				ENABLE_STRICT_OBJC_MSGSEND = YES;
				ENABLE_TESTABILITY = YES;
				GCC_C_LANGUAGE_STANDARD = gnu11;
				GCC_DYNAMIC_NO_PIC = NO;
				GCC_NO_COMMON_BLOCKS = YES;
				GCC_OPTIMIZATION_LEVEL = 0;
				GCC_PREPROCESSOR_DEFINITIONS = (
					"DEBUG=1",
					"$(inherited)",
				);
				GCC_WARN_64_TO_32_BIT_CONVERSION = YES;
				GCC_WARN_ABOUT_RETURN_TYPE = YES_ERROR;
				GCC_WARN_UNDECLARED_SELECTOR = YES;
				GCC_WARN_UNINITIALIZED_AUTOS = YES_AGGRESSIVE;
				GCC_WARN_UNUSED_FUNCTION = YES;
				GCC_WARN_UNUSED_VARIABLE = YES;
				IPHONEOS_DEPLOYMENT_TARGET = 16.2;
				MTL_ENABLE_DEBUG_INFO = INCLUDE_SOURCE;
				MTL_FAST_MATH = YES;
				ONLY_ACTIVE_ARCH = YES;
				SDKROOT = iphoneos;
				SWIFT_ACTIVE_COMPILATION_CONDITIONS = DEBUG;
				SWIFT_OPTIMIZATION_LEVEL = "-Onone";
			};
			name = Debug;
		};
		B19B298129AB0FC5003DC03E /* Release */ = {
			isa = XCBuildConfiguration;
			buildSettings = {
				ALWAYS_SEARCH_USER_PATHS = NO;
				CLANG_ANALYZER_NONNULL = YES;
				CLANG_ANALYZER_NUMBER_OBJECT_CONVERSION = YES_AGGRESSIVE;
				CLANG_CXX_LANGUAGE_STANDARD = "gnu++20";
				CLANG_ENABLE_MODULES = YES;
				CLANG_ENABLE_OBJC_ARC = YES;
				CLANG_ENABLE_OBJC_WEAK = YES;
				CLANG_WARN_BLOCK_CAPTURE_AUTORELEASING = YES;
				CLANG_WARN_BOOL_CONVERSION = YES;
				CLANG_WARN_COMMA = YES;
				CLANG_WARN_CONSTANT_CONVERSION = YES;
				CLANG_WARN_DEPRECATED_OBJC_IMPLEMENTATIONS = YES;
				CLANG_WARN_DIRECT_OBJC_ISA_USAGE = YES_ERROR;
				CLANG_WARN_DOCUMENTATION_COMMENTS = YES;
				CLANG_WARN_EMPTY_BODY = YES;
				CLANG_WARN_ENUM_CONVERSION = YES;
				CLANG_WARN_INFINITE_RECURSION = YES;
				CLANG_WARN_INT_CONVERSION = YES;
				CLANG_WARN_NON_LITERAL_NULL_CONVERSION = YES;
				CLANG_WARN_OBJC_IMPLICIT_RETAIN_SELF = YES;
				CLANG_WARN_OBJC_LITERAL_CONVERSION = YES;
				CLANG_WARN_OBJC_ROOT_CLASS = YES_ERROR;
				CLANG_WARN_QUOTED_INCLUDE_IN_FRAMEWORK_HEADER = YES;
				CLANG_WARN_RANGE_LOOP_ANALYSIS = YES;
				CLANG_WARN_STRICT_PROTOTYPES = YES;
				CLANG_WARN_SUSPICIOUS_MOVE = YES;
				CLANG_WARN_UNGUARDED_AVAILABILITY = YES_AGGRESSIVE;
				CLANG_WARN_UNREACHABLE_CODE = YES;
				CLANG_WARN__DUPLICATE_METHOD_MATCH = YES;
				COPY_PHASE_STRIP = NO;
				DEBUG_INFORMATION_FORMAT = "dwarf-with-dsym";
				ENABLE_NS_ASSERTIONS = NO;
				ENABLE_STRICT_OBJC_MSGSEND = YES;
				GCC_C_LANGUAGE_STANDARD = gnu11;
				GCC_NO_COMMON_BLOCKS = YES;
				GCC_WARN_64_TO_32_BIT_CONVERSION = YES;
				GCC_WARN_ABOUT_RETURN_TYPE = YES_ERROR;
				GCC_WARN_UNDECLARED_SELECTOR = YES;
				GCC_WARN_UNINITIALIZED_AUTOS = YES_AGGRESSIVE;
				GCC_WARN_UNUSED_FUNCTION = YES;
				GCC_WARN_UNUSED_VARIABLE = YES;
				IPHONEOS_DEPLOYMENT_TARGET = 16.2;
				MTL_ENABLE_DEBUG_INFO = NO;
				MTL_FAST_MATH = YES;
				SDKROOT = iphoneos;
				SWIFT_COMPILATION_MODE = wholemodule;
				SWIFT_OPTIMIZATION_LEVEL = "-O";
				VALIDATE_PRODUCT = YES;
			};
			name = Release;
		};
		B19B298329AB0FC5003DC03E /* Debug */ = {
			isa = XCBuildConfiguration;
			buildSettings = {
				ASSETCATALOG_COMPILER_APPICON_NAME = AppIcon;
				ASSETCATALOG_COMPILER_GLOBAL_ACCENT_COLOR_NAME = AccentColor;
				CODE_SIGN_STYLE = Automatic;
				CURRENT_PROJECT_VERSION = 1;
				DEVELOPMENT_TEAM = 2YCWSAT8JT;
				GENERATE_INFOPLIST_FILE = YES;
				INFOPLIST_FILE = PopUp/Info.plist;
				INFOPLIST_KEY_UIApplicationSupportsIndirectInputEvents = YES;
				INFOPLIST_KEY_UILaunchStoryboardName = LaunchScreen;
				INFOPLIST_KEY_UIMainStoryboardFile = Main;
				INFOPLIST_KEY_UISupportedInterfaceOrientations = UIInterfaceOrientationPortrait;
				INFOPLIST_KEY_UISupportedInterfaceOrientations_iPad = "UIInterfaceOrientationLandscapeLeft UIInterfaceOrientationLandscapeRight UIInterfaceOrientationPortrait UIInterfaceOrientationPortraitUpsideDown";
				IPHONEOS_DEPLOYMENT_TARGET = 14.0;
				LD_RUNPATH_SEARCH_PATHS = (
					"$(inherited)",
					"@executable_path/Frameworks",
				);
				MARKETING_VERSION = 1.0;
				PRODUCT_BUNDLE_IDENTIFIER = "com.i-yongil.PopUp";
				PRODUCT_NAME = "$(TARGET_NAME)";
				SUPPORTED_PLATFORMS = "iphoneos iphonesimulator";
				SUPPORTS_MACCATALYST = NO;
				SUPPORTS_MAC_DESIGNED_FOR_IPHONE_IPAD = NO;
				SWIFT_EMIT_LOC_STRINGS = YES;
				SWIFT_VERSION = 5.0;
				TARGETED_DEVICE_FAMILY = 1;
			};
			name = Debug;
		};
		B19B298429AB0FC5003DC03E /* Release */ = {
			isa = XCBuildConfiguration;
			buildSettings = {
				ASSETCATALOG_COMPILER_APPICON_NAME = AppIcon;
				ASSETCATALOG_COMPILER_GLOBAL_ACCENT_COLOR_NAME = AccentColor;
				CODE_SIGN_STYLE = Automatic;
				CURRENT_PROJECT_VERSION = 1;
				DEVELOPMENT_TEAM = 2YCWSAT8JT;
				GENERATE_INFOPLIST_FILE = YES;
				INFOPLIST_FILE = PopUp/Info.plist;
				INFOPLIST_KEY_UIApplicationSupportsIndirectInputEvents = YES;
				INFOPLIST_KEY_UILaunchStoryboardName = LaunchScreen;
				INFOPLIST_KEY_UIMainStoryboardFile = Main;
				INFOPLIST_KEY_UISupportedInterfaceOrientations = UIInterfaceOrientationPortrait;
				INFOPLIST_KEY_UISupportedInterfaceOrientations_iPad = "UIInterfaceOrientationLandscapeLeft UIInterfaceOrientationLandscapeRight UIInterfaceOrientationPortrait UIInterfaceOrientationPortraitUpsideDown";
				IPHONEOS_DEPLOYMENT_TARGET = 14.0;
				LD_RUNPATH_SEARCH_PATHS = (
					"$(inherited)",
					"@executable_path/Frameworks",
				);
				MARKETING_VERSION = 1.0;
				PRODUCT_BUNDLE_IDENTIFIER = "com.i-yongil.PopUp";
				PRODUCT_NAME = "$(TARGET_NAME)";
				SUPPORTED_PLATFORMS = "iphoneos iphonesimulator";
				SUPPORTS_MACCATALYST = NO;
				SUPPORTS_MAC_DESIGNED_FOR_IPHONE_IPAD = NO;
				SWIFT_EMIT_LOC_STRINGS = YES;
				SWIFT_VERSION = 5.0;
				TARGETED_DEVICE_FAMILY = 1;
			};
			name = Release;
		};
/* End XCBuildConfiguration section */

/* Begin XCConfigurationList section */
		B19B296929AB0FC4003DC03E /* Build configuration list for PBXProject "PopUp" */ = {
			isa = XCConfigurationList;
			buildConfigurations = (
				B19B298029AB0FC5003DC03E /* Debug */,
				B19B298129AB0FC5003DC03E /* Release */,
			);
			defaultConfigurationIsVisible = 0;
			defaultConfigurationName = Release;
		};
		B19B298229AB0FC5003DC03E /* Build configuration list for PBXNativeTarget "PopUp" */ = {
			isa = XCConfigurationList;
			buildConfigurations = (
				B19B298329AB0FC5003DC03E /* Debug */,
				B19B298429AB0FC5003DC03E /* Release */,
			);
			defaultConfigurationIsVisible = 0;
			defaultConfigurationName = Release;
		};
/* End XCConfigurationList section */

/* Begin XCRemoteSwiftPackageReference section */
		B19B298A29AB106C003DC03E /* XCRemoteSwiftPackageReference "Then" */ = {
			isa = XCRemoteSwiftPackageReference;
			repositoryURL = "https://github.com/devxoul/Then";
			requirement = {
				branch = master;
				kind = branch;
			};
		};
		B19B298D29AB1090003DC03E /* XCRemoteSwiftPackageReference "SnapKit" */ = {
			isa = XCRemoteSwiftPackageReference;
			repositoryURL = "https://github.com/SnapKit/SnapKit.git";
			requirement = {
				branch = develop;
				kind = branch;
			};
		};
/* End XCRemoteSwiftPackageReference section */

/* Begin XCSwiftPackageProductDependency section */
		B19B298B29AB106C003DC03E /* Then */ = {
			isa = XCSwiftPackageProductDependency;
			package = B19B298A29AB106C003DC03E /* XCRemoteSwiftPackageReference "Then" */;
			productName = Then;
		};
		B19B298E29AB1090003DC03E /* SnapKit */ = {
			isa = XCSwiftPackageProductDependency;
			package = B19B298D29AB1090003DC03E /* XCRemoteSwiftPackageReference "SnapKit" */;
			productName = SnapKit;
		};
/* End XCSwiftPackageProductDependency section */
	};
	rootObject = B19B296629AB0FC4003DC03E /* Project object */;
}
