// !$*UTF8*$!
{
	archiveVersion = 1;
	classes = {
	};
	objectVersion = 56;
	objects = {

/* Begin PBXBuildFile section */
		B1583BA42913CCA60012D7DC /* TopMoversView.swift in Sources */ = {isa = PBXBuildFile; fileRef = B1583BA32913CCA60012D7DC /* TopMoversView.swift */; };
		B1583BA62913CCB20012D7DC /* TopMoversItemView.swift in Sources */ = {isa = PBXBuildFile; fileRef = B1583BA52913CCB20012D7DC /* TopMoversItemView.swift */; };
		B1583BA82913D0B40012D7DC /* AllCoinsView.swift in Sources */ = {isa = PBXBuildFile; fileRef = B1583BA72913D0B40012D7DC /* AllCoinsView.swift */; };
		B1583BAA2913D0C40012D7DC /* CoinRowView.swift in Sources */ = {isa = PBXBuildFile; fileRef = B1583BA92913D0C40012D7DC /* CoinRowView.swift */; };
		B16D4A6429155DE500C23709 /* HomeViewModel.swift in Sources */ = {isa = PBXBuildFile; fileRef = B16D4A6329155DE500C23709 /* HomeViewModel.swift */; };
		B16D4A662915608D00C23709 /* Coin.swift in Sources */ = {isa = PBXBuildFile; fileRef = B16D4A652915608D00C23709 /* Coin.swift */; };
		B1972EB92916699F00D1719C /* Kingfisher in Frameworks */ = {isa = PBXBuildFile; productRef = B1972EB82916699F00D1719C /* Kingfisher */; };
		B1AD1B082911034F00920086 /* HomeView.swift in Sources */ = {isa = PBXBuildFile; fileRef = B1AD1B072911034F00920086 /* HomeView.swift */; };
		B1FF1C502910EC0F004C7212 /* Coin_SwiftUIApp.swift in Sources */ = {isa = PBXBuildFile; fileRef = B1FF1C4F2910EC0F004C7212 /* Coin_SwiftUIApp.swift */; };
		B1FF1C542910EC10004C7212 /* Assets.xcassets in Resources */ = {isa = PBXBuildFile; fileRef = B1FF1C532910EC10004C7212 /* Assets.xcassets */; };
		B1FF1C572910EC10004C7212 /* Preview Assets.xcassets in Resources */ = {isa = PBXBuildFile; fileRef = B1FF1C562910EC10004C7212 /* Preview Assets.xcassets */; };
/* End PBXBuildFile section */

/* Begin PBXFileReference section */
		B1583BA32913CCA60012D7DC /* TopMoversView.swift */ = {isa = PBXFileReference; lastKnownFileType = sourcecode.swift; path = TopMoversView.swift; sourceTree = "<group>"; };
		B1583BA52913CCB20012D7DC /* TopMoversItemView.swift */ = {isa = PBXFileReference; lastKnownFileType = sourcecode.swift; path = TopMoversItemView.swift; sourceTree = "<group>"; };
		B1583BA72913D0B40012D7DC /* AllCoinsView.swift */ = {isa = PBXFileReference; lastKnownFileType = sourcecode.swift; path = AllCoinsView.swift; sourceTree = "<group>"; };
		B1583BA92913D0C40012D7DC /* CoinRowView.swift */ = {isa = PBXFileReference; lastKnownFileType = sourcecode.swift; path = CoinRowView.swift; sourceTree = "<group>"; };
		B16D4A6329155DE500C23709 /* HomeViewModel.swift */ = {isa = PBXFileReference; lastKnownFileType = sourcecode.swift; path = HomeViewModel.swift; sourceTree = "<group>"; };
		B16D4A652915608D00C23709 /* Coin.swift */ = {isa = PBXFileReference; lastKnownFileType = sourcecode.swift; path = Coin.swift; sourceTree = "<group>"; };
		B1AD1B072911034F00920086 /* HomeView.swift */ = {isa = PBXFileReference; lastKnownFileType = sourcecode.swift; path = HomeView.swift; sourceTree = "<group>"; };
		B1FF1C4C2910EC0F004C7212 /* Coin_SwiftUI.app */ = {isa = PBXFileReference; explicitFileType = wrapper.application; includeInIndex = 0; path = Coin_SwiftUI.app; sourceTree = BUILT_PRODUCTS_DIR; };
		B1FF1C4F2910EC0F004C7212 /* Coin_SwiftUIApp.swift */ = {isa = PBXFileReference; lastKnownFileType = sourcecode.swift; path = Coin_SwiftUIApp.swift; sourceTree = "<group>"; };
		B1FF1C532910EC10004C7212 /* Assets.xcassets */ = {isa = PBXFileReference; lastKnownFileType = folder.assetcatalog; path = Assets.xcassets; sourceTree = "<group>"; };
		B1FF1C562910EC10004C7212 /* Preview Assets.xcassets */ = {isa = PBXFileReference; lastKnownFileType = folder.assetcatalog; path = "Preview Assets.xcassets"; sourceTree = "<group>"; };
/* End PBXFileReference section */

/* Begin PBXFrameworksBuildPhase section */
		B1FF1C492910EC0F004C7212 /* Frameworks */ = {
			isa = PBXFrameworksBuildPhase;
			buildActionMask = 2147483647;
			files = (
				B1972EB92916699F00D1719C /* Kingfisher in Frameworks */,
			);
			runOnlyForDeploymentPostprocessing = 0;
		};
/* End PBXFrameworksBuildPhase section */

/* Begin PBXGroup section */
		B1AD1B03291102CA00920086 /* Home */ = {
			isa = PBXGroup;
			children = (
				B1AD1B062911034100920086 /* Views */,
				B1AD1B052911033B00920086 /* ViewModels */,
			);
			path = Home;
			sourceTree = "<group>";
		};
		B1AD1B052911033B00920086 /* ViewModels */ = {
			isa = PBXGroup;
			children = (
				B16D4A6329155DE500C23709 /* HomeViewModel.swift */,
			);
			path = ViewModels;
			sourceTree = "<group>";
		};
		B1AD1B062911034100920086 /* Views */ = {
			isa = PBXGroup;
			children = (
				B1AD1B072911034F00920086 /* HomeView.swift */,
				B1583BA32913CCA60012D7DC /* TopMoversView.swift */,
				B1583BA52913CCB20012D7DC /* TopMoversItemView.swift */,
				B1583BA92913D0C40012D7DC /* CoinRowView.swift */,
				B1583BA72913D0B40012D7DC /* AllCoinsView.swift */,
			);
			path = Views;
			sourceTree = "<group>";
		};
		B1FF1C432910EC0F004C7212 = {
			isa = PBXGroup;
			children = (
				B1FF1C4E2910EC0F004C7212 /* Coin_SwiftUI */,
				B1FF1C4D2910EC0F004C7212 /* Products */,
			);
			sourceTree = "<group>";
		};
		B1FF1C4D2910EC0F004C7212 /* Products */ = {
			isa = PBXGroup;
			children = (
				B1FF1C4C2910EC0F004C7212 /* Coin_SwiftUI.app */,
			);
			name = Products;
			sourceTree = "<group>";
		};
		B1FF1C4E2910EC0F004C7212 /* Coin_SwiftUI */ = {
			isa = PBXGroup;
			children = (
				B1FF1C622910EC6D004C7212 /* Utils */,
				B1FF1C612910EC6B004C7212 /* Extensions */,
				B1FF1C602910EC69004C7212 /* Models */,
				B1FF1C5F2910EC67004C7212 /* Core */,
				B1FF1C5D2910EC58004C7212 /* App */,
				B1FF1C532910EC10004C7212 /* Assets.xcassets */,
				B1FF1C552910EC10004C7212 /* Preview Content */,
			);
			path = Coin_SwiftUI;
			sourceTree = "<group>";
		};
		B1FF1C552910EC10004C7212 /* Preview Content */ = {
			isa = PBXGroup;
			children = (
				B1FF1C562910EC10004C7212 /* Preview Assets.xcassets */,
			);
			path = "Preview Content";
			sourceTree = "<group>";
		};
		B1FF1C5D2910EC58004C7212 /* App */ = {
			isa = PBXGroup;
			children = (
				B1FF1C4F2910EC0F004C7212 /* Coin_SwiftUIApp.swift */,
			);
			path = App;
			sourceTree = "<group>";
		};
		B1FF1C5F2910EC67004C7212 /* Core */ = {
			isa = PBXGroup;
			children = (
				B1AD1B03291102CA00920086 /* Home */,
			);
			path = Core;
			sourceTree = "<group>";
		};
		B1FF1C602910EC69004C7212 /* Models */ = {
			isa = PBXGroup;
			children = (
				B16D4A652915608D00C23709 /* Coin.swift */,
			);
			path = Models;
			sourceTree = "<group>";
		};
		B1FF1C612910EC6B004C7212 /* Extensions */ = {
			isa = PBXGroup;
			children = (
			);
			path = Extensions;
			sourceTree = "<group>";
		};
		B1FF1C622910EC6D004C7212 /* Utils */ = {
			isa = PBXGroup;
			children = (
			);
			path = Utils;
			sourceTree = "<group>";
		};
/* End PBXGroup section */

/* Begin PBXNativeTarget section */
		B1FF1C4B2910EC0F004C7212 /* Coin_SwiftUI */ = {
			isa = PBXNativeTarget;
			buildConfigurationList = B1FF1C5A2910EC10004C7212 /* Build configuration list for PBXNativeTarget "Coin_SwiftUI" */;
			buildPhases = (
				B1FF1C482910EC0F004C7212 /* Sources */,
				B1FF1C492910EC0F004C7212 /* Frameworks */,
				B1FF1C4A2910EC0F004C7212 /* Resources */,
			);
			buildRules = (
			);
			dependencies = (
			);
			name = Coin_SwiftUI;
			packageProductDependencies = (
				B1972EB82916699F00D1719C /* Kingfisher */,
			);
			productName = Coin_SwiftUI;
			productReference = B1FF1C4C2910EC0F004C7212 /* Coin_SwiftUI.app */;
			productType = "com.apple.product-type.application";
		};
/* End PBXNativeTarget section */

/* Begin PBXProject section */
		B1FF1C442910EC0F004C7212 /* Project object */ = {
			isa = PBXProject;
			attributes = {
				BuildIndependentTargetsInParallel = 1;
				LastSwiftUpdateCheck = 1400;
				LastUpgradeCheck = 1400;
				TargetAttributes = {
					B1FF1C4B2910EC0F004C7212 = {
						CreatedOnToolsVersion = 14.0.1;
					};
				};
			};
			buildConfigurationList = B1FF1C472910EC0F004C7212 /* Build configuration list for PBXProject "Coin_SwiftUI" */;
			compatibilityVersion = "Xcode 14.0";
			developmentRegion = en;
			hasScannedForEncodings = 0;
			knownRegions = (
				en,
				Base,
			);
			mainGroup = B1FF1C432910EC0F004C7212;
			packageReferences = (
				B1972EB72916699F00D1719C /* XCRemoteSwiftPackageReference "Kingfisher" */,
			);
			productRefGroup = B1FF1C4D2910EC0F004C7212 /* Products */;
			projectDirPath = "";
			projectRoot = "";
			targets = (
				B1FF1C4B2910EC0F004C7212 /* Coin_SwiftUI */,
			);
		};
/* End PBXProject section */

/* Begin PBXResourcesBuildPhase section */
		B1FF1C4A2910EC0F004C7212 /* Resources */ = {
			isa = PBXResourcesBuildPhase;
			buildActionMask = 2147483647;
			files = (
				B1FF1C572910EC10004C7212 /* Preview Assets.xcassets in Resources */,
				B1FF1C542910EC10004C7212 /* Assets.xcassets in Resources */,
			);
			runOnlyForDeploymentPostprocessing = 0;
		};
/* End PBXResourcesBuildPhase section */

/* Begin PBXSourcesBuildPhase section */
		B1FF1C482910EC0F004C7212 /* Sources */ = {
			isa = PBXSourcesBuildPhase;
			buildActionMask = 2147483647;
			files = (
				B1583BAA2913D0C40012D7DC /* CoinRowView.swift in Sources */,
				B1AD1B082911034F00920086 /* HomeView.swift in Sources */,
				B16D4A6429155DE500C23709 /* HomeViewModel.swift in Sources */,
				B1583BA42913CCA60012D7DC /* TopMoversView.swift in Sources */,
				B1FF1C502910EC0F004C7212 /* Coin_SwiftUIApp.swift in Sources */,
				B1583BA82913D0B40012D7DC /* AllCoinsView.swift in Sources */,
				B16D4A662915608D00C23709 /* Coin.swift in Sources */,
				B1583BA62913CCB20012D7DC /* TopMoversItemView.swift in Sources */,
			);
			runOnlyForDeploymentPostprocessing = 0;
		};
/* End PBXSourcesBuildPhase section */

/* Begin XCBuildConfiguration section */
		B1FF1C582910EC10004C7212 /* Debug */ = {
			isa = XCBuildConfiguration;
			buildSettings = {
				ALWAYS_SEARCH_USER_PATHS = NO;
				CLANG_ANALYZER_NONNULL = YES;
				CLANG_ANALYZER_NUMBER_OBJECT_CONVERSION = YES_AGGRESSIVE;
				CLANG_CXX_LANGUAGE_STANDARD = "gnu++20";
				CLANG_ENABLE_MODULES = YES;
				CLANG_ENABLE_OBJC_ARC = YES;
				CLANG_ENABLE_OBJC_WEAK = YES;
				CLANG_WARN_BLOCK_CAPTURE_AUTORELEASING = YES;
				CLANG_WARN_BOOL_CONVERSION = YES;
				CLANG_WARN_COMMA = YES;
				CLANG_WARN_CONSTANT_CONVERSION = YES;
				CLANG_WARN_DEPRECATED_OBJC_IMPLEMENTATIONS = YES;
				CLANG_WARN_DIRECT_OBJC_ISA_USAGE = YES_ERROR;
				CLANG_WARN_DOCUMENTATION_COMMENTS = YES;
				CLANG_WARN_EMPTY_BODY = YES;
				CLANG_WARN_ENUM_CONVERSION = YES;
				CLANG_WARN_INFINITE_RECURSION = YES;
				CLANG_WARN_INT_CONVERSION = YES;
				CLANG_WARN_NON_LITERAL_NULL_CONVERSION = YES;
				CLANG_WARN_OBJC_IMPLICIT_RETAIN_SELF = YES;
				CLANG_WARN_OBJC_LITERAL_CONVERSION = YES;
				CLANG_WARN_OBJC_ROOT_CLASS = YES_ERROR;
				CLANG_WARN_QUOTED_INCLUDE_IN_FRAMEWORK_HEADER = YES;
				CLANG_WARN_RANGE_LOOP_ANALYSIS = YES;
				CLANG_WARN_STRICT_PROTOTYPES = YES;
				CLANG_WARN_SUSPICIOUS_MOVE = YES;
				CLANG_WARN_UNGUARDED_AVAILABILITY = YES_AGGRESSIVE;
				CLANG_WARN_UNREACHABLE_CODE = YES;
				CLANG_WARN__DUPLICATE_METHOD_MATCH = YES;
				COPY_PHASE_STRIP = NO;
				DEBUG_INFORMATION_FORMAT = dwarf;
				ENABLE_STRICT_OBJC_MSGSEND = YES;
				ENABLE_TESTABILITY = YES;
				GCC_C_LANGUAGE_STANDARD = gnu11;
				GCC_DYNAMIC_NO_PIC = NO;
				GCC_NO_COMMON_BLOCKS = YES;
				GCC_OPTIMIZATION_LEVEL = 0;
				GCC_PREPROCESSOR_DEFINITIONS = (
					"DEBUG=1",
					"$(inherited)",
				);
				GCC_WARN_64_TO_32_BIT_CONVERSION = YES;
				GCC_WARN_ABOUT_RETURN_TYPE = YES_ERROR;
				GCC_WARN_UNDECLARED_SELECTOR = YES;
				GCC_WARN_UNINITIALIZED_AUTOS = YES_AGGRESSIVE;
				GCC_WARN_UNUSED_FUNCTION = YES;
				GCC_WARN_UNUSED_VARIABLE = YES;
				IPHONEOS_DEPLOYMENT_TARGET = 16.0;
				MTL_ENABLE_DEBUG_INFO = INCLUDE_SOURCE;
				MTL_FAST_MATH = YES;
				ONLY_ACTIVE_ARCH = YES;
				SDKROOT = iphoneos;
				SWIFT_ACTIVE_COMPILATION_CONDITIONS = DEBUG;
				SWIFT_OPTIMIZATION_LEVEL = "-Onone";
			};
			name = Debug;
		};
		B1FF1C592910EC10004C7212 /* Release */ = {
			isa = XCBuildConfiguration;
			buildSettings = {
				ALWAYS_SEARCH_USER_PATHS = NO;
				CLANG_ANALYZER_NONNULL = YES;
				CLANG_ANALYZER_NUMBER_OBJECT_CONVERSION = YES_AGGRESSIVE;
				CLANG_CXX_LANGUAGE_STANDARD = "gnu++20";
				CLANG_ENABLE_MODULES = YES;
				CLANG_ENABLE_OBJC_ARC = YES;
				CLANG_ENABLE_OBJC_WEAK = YES;
				CLANG_WARN_BLOCK_CAPTURE_AUTORELEASING = YES;
				CLANG_WARN_BOOL_CONVERSION = YES;
				CLANG_WARN_COMMA = YES;
				CLANG_WARN_CONSTANT_CONVERSION = YES;
				CLANG_WARN_DEPRECATED_OBJC_IMPLEMENTATIONS = YES;
				CLANG_WARN_DIRECT_OBJC_ISA_USAGE = YES_ERROR;
				CLANG_WARN_DOCUMENTATION_COMMENTS = YES;
				CLANG_WARN_EMPTY_BODY = YES;
				CLANG_WARN_ENUM_CONVERSION = YES;
				CLANG_WARN_INFINITE_RECURSION = YES;
				CLANG_WARN_INT_CONVERSION = YES;
				CLANG_WARN_NON_LITERAL_NULL_CONVERSION = YES;
				CLANG_WARN_OBJC_IMPLICIT_RETAIN_SELF = YES;
				CLANG_WARN_OBJC_LITERAL_CONVERSION = YES;
				CLANG_WARN_OBJC_ROOT_CLASS = YES_ERROR;
				CLANG_WARN_QUOTED_INCLUDE_IN_FRAMEWORK_HEADER = YES;
				CLANG_WARN_RANGE_LOOP_ANALYSIS = YES;
				CLANG_WARN_STRICT_PROTOTYPES = YES;
				CLANG_WARN_SUSPICIOUS_MOVE = YES;
				CLANG_WARN_UNGUARDED_AVAILABILITY = YES_AGGRESSIVE;
				CLANG_WARN_UNREACHABLE_CODE = YES;
				CLANG_WARN__DUPLICATE_METHOD_MATCH = YES;
				COPY_PHASE_STRIP = NO;
				DEBUG_INFORMATION_FORMAT = "dwarf-with-dsym";
				ENABLE_NS_ASSERTIONS = NO;
				ENABLE_STRICT_OBJC_MSGSEND = YES;
				GCC_C_LANGUAGE_STANDARD = gnu11;
				GCC_NO_COMMON_BLOCKS = YES;
				GCC_WARN_64_TO_32_BIT_CONVERSION = YES;
				GCC_WARN_ABOUT_RETURN_TYPE = YES_ERROR;
				GCC_WARN_UNDECLARED_SELECTOR = YES;
				GCC_WARN_UNINITIALIZED_AUTOS = YES_AGGRESSIVE;
				GCC_WARN_UNUSED_FUNCTION = YES;
				GCC_WARN_UNUSED_VARIABLE = YES;
				IPHONEOS_DEPLOYMENT_TARGET = 16.0;
				MTL_ENABLE_DEBUG_INFO = NO;
				MTL_FAST_MATH = YES;
				SDKROOT = iphoneos;
				SWIFT_COMPILATION_MODE = wholemodule;
				SWIFT_OPTIMIZATION_LEVEL = "-O";
				VALIDATE_PRODUCT = YES;
			};
			name = Release;
		};
		B1FF1C5B2910EC10004C7212 /* Debug */ = {
			isa = XCBuildConfiguration;
			buildSettings = {
				ASSETCATALOG_COMPILER_APPICON_NAME = AppIcon;
				ASSETCATALOG_COMPILER_GLOBAL_ACCENT_COLOR_NAME = AccentColor;
				CODE_SIGN_STYLE = Automatic;
				CURRENT_PROJECT_VERSION = 1;
				DEVELOPMENT_ASSET_PATHS = "\"Coin_SwiftUI/Preview Content\"";
				DEVELOPMENT_TEAM = 2YCWSAT8JT;
				ENABLE_PREVIEWS = YES;
				GENERATE_INFOPLIST_FILE = YES;
				INFOPLIST_KEY_UIApplicationSceneManifest_Generation = YES;
				INFOPLIST_KEY_UIApplicationSupportsIndirectInputEvents = YES;
				INFOPLIST_KEY_UILaunchScreen_Generation = YES;
				INFOPLIST_KEY_UISupportedInterfaceOrientations_iPad = "UIInterfaceOrientationPortrait UIInterfaceOrientationPortraitUpsideDown UIInterfaceOrientationLandscapeLeft UIInterfaceOrientationLandscapeRight";
				INFOPLIST_KEY_UISupportedInterfaceOrientations_iPhone = "UIInterfaceOrientationPortrait UIInterfaceOrientationLandscapeLeft UIInterfaceOrientationLandscapeRight";
				LD_RUNPATH_SEARCH_PATHS = (
					"$(inherited)",
					"@executable_path/Frameworks",
				);
				MARKETING_VERSION = 1.0;
				PRODUCT_BUNDLE_IDENTIFIER = "com.i-yongil.Coin-SwiftUI";
				PRODUCT_NAME = "$(TARGET_NAME)";
				SWIFT_EMIT_LOC_STRINGS = YES;
				SWIFT_VERSION = 5.0;
				TARGETED_DEVICE_FAMILY = "1,2";
			};
			name = Debug;
		};
		B1FF1C5C2910EC10004C7212 /* Release */ = {
			isa = XCBuildConfiguration;
			buildSettings = {
				ASSETCATALOG_COMPILER_APPICON_NAME = AppIcon;
				ASSETCATALOG_COMPILER_GLOBAL_ACCENT_COLOR_NAME = AccentColor;
				CODE_SIGN_STYLE = Automatic;
				CURRENT_PROJECT_VERSION = 1;
				DEVELOPMENT_ASSET_PATHS = "\"Coin_SwiftUI/Preview Content\"";
				DEVELOPMENT_TEAM = 2YCWSAT8JT;
				ENABLE_PREVIEWS = YES;
				GENERATE_INFOPLIST_FILE = YES;
				INFOPLIST_KEY_UIApplicationSceneManifest_Generation = YES;
				INFOPLIST_KEY_UIApplicationSupportsIndirectInputEvents = YES;
				INFOPLIST_KEY_UILaunchScreen_Generation = YES;
				INFOPLIST_KEY_UISupportedInterfaceOrientations_iPad = "UIInterfaceOrientationPortrait UIInterfaceOrientationPortraitUpsideDown UIInterfaceOrientationLandscapeLeft UIInterfaceOrientationLandscapeRight";
				INFOPLIST_KEY_UISupportedInterfaceOrientations_iPhone = "UIInterfaceOrientationPortrait UIInterfaceOrientationLandscapeLeft UIInterfaceOrientationLandscapeRight";
				LD_RUNPATH_SEARCH_PATHS = (
					"$(inherited)",
					"@executable_path/Frameworks",
				);
				MARKETING_VERSION = 1.0;
				PRODUCT_BUNDLE_IDENTIFIER = "com.i-yongil.Coin-SwiftUI";
				PRODUCT_NAME = "$(TARGET_NAME)";
				SWIFT_EMIT_LOC_STRINGS = YES;
				SWIFT_VERSION = 5.0;
				TARGETED_DEVICE_FAMILY = "1,2";
			};
			name = Release;
		};
/* End XCBuildConfiguration section */

/* Begin XCConfigurationList section */
		B1FF1C472910EC0F004C7212 /* Build configuration list for PBXProject "Coin_SwiftUI" */ = {
			isa = XCConfigurationList;
			buildConfigurations = (
				B1FF1C582910EC10004C7212 /* Debug */,
				B1FF1C592910EC10004C7212 /* Release */,
			);
			defaultConfigurationIsVisible = 0;
			defaultConfigurationName = Release;
		};
		B1FF1C5A2910EC10004C7212 /* Build configuration list for PBXNativeTarget "Coin_SwiftUI" */ = {
			isa = XCConfigurationList;
			buildConfigurations = (
				B1FF1C5B2910EC10004C7212 /* Debug */,
				B1FF1C5C2910EC10004C7212 /* Release */,
			);
			defaultConfigurationIsVisible = 0;
			defaultConfigurationName = Release;
		};
/* End XCConfigurationList section */

/* Begin XCRemoteSwiftPackageReference section */
		B1972EB72916699F00D1719C /* XCRemoteSwiftPackageReference "Kingfisher" */ = {
			isa = XCRemoteSwiftPackageReference;
			repositoryURL = "https://github.com/onevcat/Kingfisher.git";
			requirement = {
				kind = upToNextMajorVersion;
				minimumVersion = 7.0.0;
			};
		};
/* End XCRemoteSwiftPackageReference section */

/* Begin XCSwiftPackageProductDependency section */
		B1972EB82916699F00D1719C /* Kingfisher */ = {
			isa = XCSwiftPackageProductDependency;
			package = B1972EB72916699F00D1719C /* XCRemoteSwiftPackageReference "Kingfisher" */;
			productName = Kingfisher;
		};
/* End XCSwiftPackageProductDependency section */
	};
	rootObject = B1FF1C442910EC0F004C7212 /* Project object */;
}
