// !$*UTF8*$!
{
	archiveVersion = 1;
	classes = {
	};
	objectVersion = 56;
	objects = {

/* Begin PBXBuildFile section */
		B117587229C6F33B001A8776 /* SecondVC.storyboard in Resources */ = {isa = PBXBuildFile; fileRef = B117587129C6F33B001A8776 /* SecondVC.storyboard */; };
		B117587429C6F343001A8776 /* ThirdVC.storyboard in Resources */ = {isa = PBXBuildFile; fileRef = B117587329C6F343001A8776 /* ThirdVC.storyboard */; };
		B117587629C6F34C001A8776 /* DetailVC.storyboard in Resources */ = {isa = PBXBuildFile; fileRef = B117587529C6F34C001A8776 /* DetailVC.storyboard */; };
		B117587829C6F35A001A8776 /* SecondVC.swift in Sources */ = {isa = PBXBuildFile; fileRef = B117587729C6F35A001A8776 /* SecondVC.swift */; };
		B117587A29C6F372001A8776 /* ThirdVC.swift in Sources */ = {isa = PBXBuildFile; fileRef = B117587929C6F372001A8776 /* ThirdVC.swift */; };
		B117587C29C6F38D001A8776 /* DetailVC.swift in Sources */ = {isa = PBXBuildFile; fileRef = B117587B29C6F38D001A8776 /* DetailVC.swift */; };
		B117587E29C6F591001A8776 /* NavigationButton.swift in Sources */ = {isa = PBXBuildFile; fileRef = B117587D29C6F591001A8776 /* NavigationButton.swift */; };
		B117588029C6F750001A8776 /* VC + Ext.swift in Sources */ = {isa = PBXBuildFile; fileRef = B117587F29C6F750001A8776 /* VC + Ext.swift */; };
		B125F53229B5F86D00C4BA2D /* AppDelegate.swift in Sources */ = {isa = PBXBuildFile; fileRef = B125F53129B5F86D00C4BA2D /* AppDelegate.swift */; };
		B125F53429B5F86D00C4BA2D /* SceneDelegate.swift in Sources */ = {isa = PBXBuildFile; fileRef = B125F53329B5F86D00C4BA2D /* SceneDelegate.swift */; };
		B125F53629B5F86D00C4BA2D /* FirstVC.swift in Sources */ = {isa = PBXBuildFile; fileRef = B125F53529B5F86D00C4BA2D /* FirstVC.swift */; };
		B125F53929B5F86D00C4BA2D /* Main.storyboard in Resources */ = {isa = PBXBuildFile; fileRef = B125F53729B5F86D00C4BA2D /* Main.storyboard */; };
		B125F53B29B5F86D00C4BA2D /* Assets.xcassets in Resources */ = {isa = PBXBuildFile; fileRef = B125F53A29B5F86D00C4BA2D /* Assets.xcassets */; };
		B125F53E29B5F86D00C4BA2D /* LaunchScreen.storyboard in Resources */ = {isa = PBXBuildFile; fileRef = B125F53C29B5F86D00C4BA2D /* LaunchScreen.storyboard */; };
/* End PBXBuildFile section */

/* Begin PBXFileReference section */
		B117587129C6F33B001A8776 /* SecondVC.storyboard */ = {isa = PBXFileReference; lastKnownFileType = file.storyboard; path = SecondVC.storyboard; sourceTree = "<group>"; };
		B117587329C6F343001A8776 /* ThirdVC.storyboard */ = {isa = PBXFileReference; lastKnownFileType = file.storyboard; path = ThirdVC.storyboard; sourceTree = "<group>"; };
		B117587529C6F34C001A8776 /* DetailVC.storyboard */ = {isa = PBXFileReference; lastKnownFileType = file.storyboard; path = DetailVC.storyboard; sourceTree = "<group>"; };
		B117587729C6F35A001A8776 /* SecondVC.swift */ = {isa = PBXFileReference; lastKnownFileType = sourcecode.swift; path = SecondVC.swift; sourceTree = "<group>"; };
		B117587929C6F372001A8776 /* ThirdVC.swift */ = {isa = PBXFileReference; lastKnownFileType = sourcecode.swift; path = ThirdVC.swift; sourceTree = "<group>"; };
		B117587B29C6F38D001A8776 /* DetailVC.swift */ = {isa = PBXFileReference; lastKnownFileType = sourcecode.swift; path = DetailVC.swift; sourceTree = "<group>"; };
		B117587D29C6F591001A8776 /* NavigationButton.swift */ = {isa = PBXFileReference; lastKnownFileType = sourcecode.swift; path = NavigationButton.swift; sourceTree = "<group>"; };
		B117587F29C6F750001A8776 /* VC + Ext.swift */ = {isa = PBXFileReference; lastKnownFileType = sourcecode.swift; path = "VC + Ext.swift"; sourceTree = "<group>"; };
		B125F52E29B5F86D00C4BA2D /* UIKit_Code_Navigation_tutorial.app */ = {isa = PBXFileReference; explicitFileType = wrapper.application; includeInIndex = 0; path = UIKit_Code_Navigation_tutorial.app; sourceTree = BUILT_PRODUCTS_DIR; };
		B125F53129B5F86D00C4BA2D /* AppDelegate.swift */ = {isa = PBXFileReference; lastKnownFileType = sourcecode.swift; path = AppDelegate.swift; sourceTree = "<group>"; };
		B125F53329B5F86D00C4BA2D /* SceneDelegate.swift */ = {isa = PBXFileReference; lastKnownFileType = sourcecode.swift; path = SceneDelegate.swift; sourceTree = "<group>"; };
		B125F53529B5F86D00C4BA2D /* FirstVC.swift */ = {isa = PBXFileReference; lastKnownFileType = sourcecode.swift; path = FirstVC.swift; sourceTree = "<group>"; };
		B125F53829B5F86D00C4BA2D /* Base */ = {isa = PBXFileReference; lastKnownFileType = file.storyboard; name = Base; path = Base.lproj/Main.storyboard; sourceTree = "<group>"; };
		B125F53A29B5F86D00C4BA2D /* Assets.xcassets */ = {isa = PBXFileReference; lastKnownFileType = folder.assetcatalog; path = Assets.xcassets; sourceTree = "<group>"; };
		B125F53D29B5F86D00C4BA2D /* Base */ = {isa = PBXFileReference; lastKnownFileType = file.storyboard; name = Base; path = Base.lproj/LaunchScreen.storyboard; sourceTree = "<group>"; };
		B125F53F29B5F86D00C4BA2D /* Info.plist */ = {isa = PBXFileReference; lastKnownFileType = text.plist.xml; path = Info.plist; sourceTree = "<group>"; };
/* End PBXFileReference section */

/* Begin PBXFrameworksBuildPhase section */
		B125F52B29B5F86D00C4BA2D /* Frameworks */ = {
			isa = PBXFrameworksBuildPhase;
			buildActionMask = 2147483647;
			files = (
			);
			runOnlyForDeploymentPostprocessing = 0;
		};
/* End PBXFrameworksBuildPhase section */

/* Begin PBXGroup section */
		B117588129C6F9D9001A8776 /* Controllers */ = {
			isa = PBXGroup;
			children = (
				B125F53529B5F86D00C4BA2D /* FirstVC.swift */,
				B117587729C6F35A001A8776 /* SecondVC.swift */,
				B117587929C6F372001A8776 /* ThirdVC.swift */,
				B117587B29C6F38D001A8776 /* DetailVC.swift */,
			);
			path = Controllers;
			sourceTree = "<group>";
		};
		B117588229C6FA00001A8776 /* Extensions */ = {
			isa = PBXGroup;
			children = (
				B117587F29C6F750001A8776 /* VC + Ext.swift */,
			);
			path = Extensions;
			sourceTree = "<group>";
		};
		B117588329C6FA0A001A8776 /* Utils */ = {
			isa = PBXGroup;
			children = (
				B117587D29C6F591001A8776 /* NavigationButton.swift */,
			);
			path = Utils;
			sourceTree = "<group>";
		};
		B125F52529B5F86C00C4BA2D = {
			isa = PBXGroup;
			children = (
				B125F53029B5F86D00C4BA2D /* UIKit_Code_Navigation_tutorial */,
				B125F52F29B5F86D00C4BA2D /* Products */,
			);
			sourceTree = "<group>";
		};
		B125F52F29B5F86D00C4BA2D /* Products */ = {
			isa = PBXGroup;
			children = (
				B125F52E29B5F86D00C4BA2D /* UIKit_Code_Navigation_tutorial.app */,
			);
			name = Products;
			sourceTree = "<group>";
		};
		B125F53029B5F86D00C4BA2D /* UIKit_Code_Navigation_tutorial */ = {
			isa = PBXGroup;
			children = (
				B125F53129B5F86D00C4BA2D /* AppDelegate.swift */,
				B125F53329B5F86D00C4BA2D /* SceneDelegate.swift */,
				B117588329C6FA0A001A8776 /* Utils */,
				B117588229C6FA00001A8776 /* Extensions */,
				B172EFA929E2FE060033FC33 /* Views */,
				B117588129C6F9D9001A8776 /* Controllers */,
				B125F53A29B5F86D00C4BA2D /* Assets.xcassets */,
				B125F53C29B5F86D00C4BA2D /* LaunchScreen.storyboard */,
				B125F53F29B5F86D00C4BA2D /* Info.plist */,
			);
			path = UIKit_Code_Navigation_tutorial;
			sourceTree = "<group>";
		};
		B172EFA929E2FE060033FC33 /* Views */ = {
			isa = PBXGroup;
			children = (
				B172EFAA29E2FE0E0033FC33 /* Storyboard */,
			);
			path = Views;
			sourceTree = "<group>";
		};
		B172EFAA29E2FE0E0033FC33 /* Storyboard */ = {
			isa = PBXGroup;
			children = (
				B125F53729B5F86D00C4BA2D /* Main.storyboard */,
				B117587129C6F33B001A8776 /* SecondVC.storyboard */,
				B117587329C6F343001A8776 /* ThirdVC.storyboard */,
				B117587529C6F34C001A8776 /* DetailVC.storyboard */,
			);
			path = Storyboard;
			sourceTree = "<group>";
		};
/* End PBXGroup section */

/* Begin PBXNativeTarget section */
		B125F52D29B5F86D00C4BA2D /* UIKit_Code_Navigation_tutorial */ = {
			isa = PBXNativeTarget;
			buildConfigurationList = B125F54229B5F86D00C4BA2D /* Build configuration list for PBXNativeTarget "UIKit_Code_Navigation_tutorial" */;
			buildPhases = (
				B125F52A29B5F86D00C4BA2D /* Sources */,
				B125F52B29B5F86D00C4BA2D /* Frameworks */,
				B125F52C29B5F86D00C4BA2D /* Resources */,
			);
			buildRules = (
			);
			dependencies = (
			);
			name = UIKit_Code_Navigation_tutorial;
			productName = UIKit_Code_Navigation_tutorial;
			productReference = B125F52E29B5F86D00C4BA2D /* UIKit_Code_Navigation_tutorial.app */;
			productType = "com.apple.product-type.application";
		};
/* End PBXNativeTarget section */

/* Begin PBXProject section */
		B125F52629B5F86C00C4BA2D /* Project object */ = {
			isa = PBXProject;
			attributes = {
				BuildIndependentTargetsInParallel = 1;
				LastSwiftUpdateCheck = 1420;
				LastUpgradeCheck = 1420;
				TargetAttributes = {
					B125F52D29B5F86D00C4BA2D = {
						CreatedOnToolsVersion = 14.2;
					};
				};
			};
			buildConfigurationList = B125F52929B5F86C00C4BA2D /* Build configuration list for PBXProject "UIKit_Code_Navigation_tutorial" */;
			compatibilityVersion = "Xcode 14.0";
			developmentRegion = en;
			hasScannedForEncodings = 0;
			knownRegions = (
				en,
				Base,
			);
			mainGroup = B125F52529B5F86C00C4BA2D;
			productRefGroup = B125F52F29B5F86D00C4BA2D /* Products */;
			projectDirPath = "";
			projectRoot = "";
			targets = (
				B125F52D29B5F86D00C4BA2D /* UIKit_Code_Navigation_tutorial */,
			);
		};
/* End PBXProject section */

/* Begin PBXResourcesBuildPhase section */
		B125F52C29B5F86D00C4BA2D /* Resources */ = {
			isa = PBXResourcesBuildPhase;
			buildActionMask = 2147483647;
			files = (
				B117587629C6F34C001A8776 /* DetailVC.storyboard in Resources */,
				B125F53E29B5F86D00C4BA2D /* LaunchScreen.storyboard in Resources */,
				B117587429C6F343001A8776 /* ThirdVC.storyboard in Resources */,
				B125F53B29B5F86D00C4BA2D /* Assets.xcassets in Resources */,
				B125F53929B5F86D00C4BA2D /* Main.storyboard in Resources */,
				B117587229C6F33B001A8776 /* SecondVC.storyboard in Resources */,
			);
			runOnlyForDeploymentPostprocessing = 0;
		};
/* End PBXResourcesBuildPhase section */

/* Begin PBXSourcesBuildPhase section */
		B125F52A29B5F86D00C4BA2D /* Sources */ = {
			isa = PBXSourcesBuildPhase;
			buildActionMask = 2147483647;
			files = (
				B117587E29C6F591001A8776 /* NavigationButton.swift in Sources */,
				B125F53629B5F86D00C4BA2D /* FirstVC.swift in Sources */,
				B125F53229B5F86D00C4BA2D /* AppDelegate.swift in Sources */,
				B117587829C6F35A001A8776 /* SecondVC.swift in Sources */,
				B125F53429B5F86D00C4BA2D /* SceneDelegate.swift in Sources */,
				B117587A29C6F372001A8776 /* ThirdVC.swift in Sources */,
				B117588029C6F750001A8776 /* VC + Ext.swift in Sources */,
				B117587C29C6F38D001A8776 /* DetailVC.swift in Sources */,
			);
			runOnlyForDeploymentPostprocessing = 0;
		};
/* End PBXSourcesBuildPhase section */

/* Begin PBXVariantGroup section */
		B125F53729B5F86D00C4BA2D /* Main.storyboard */ = {
			isa = PBXVariantGroup;
			children = (
				B125F53829B5F86D00C4BA2D /* Base */,
			);
			name = Main.storyboard;
			sourceTree = "<group>";
		};
		B125F53C29B5F86D00C4BA2D /* LaunchScreen.storyboard */ = {
			isa = PBXVariantGroup;
			children = (
				B125F53D29B5F86D00C4BA2D /* Base */,
			);
			name = LaunchScreen.storyboard;
			sourceTree = "<group>";
		};
/* End PBXVariantGroup section */

/* Begin XCBuildConfiguration section */
		B125F54029B5F86D00C4BA2D /* Debug */ = {
			isa = XCBuildConfiguration;
			buildSettings = {
				ALWAYS_SEARCH_USER_PATHS = NO;
				CLANG_ANALYZER_NONNULL = YES;
				CLANG_ANALYZER_NUMBER_OBJECT_CONVERSION = YES_AGGRESSIVE;
				CLANG_CXX_LANGUAGE_STANDARD = "gnu++20";
				CLANG_ENABLE_MODULES = YES;
				CLANG_ENABLE_OBJC_ARC = YES;
				CLANG_ENABLE_OBJC_WEAK = YES;
				CLANG_WARN_BLOCK_CAPTURE_AUTORELEASING = YES;
				CLANG_WARN_BOOL_CONVERSION = YES;
				CLANG_WARN_COMMA = YES;
				CLANG_WARN_CONSTANT_CONVERSION = YES;
				CLANG_WARN_DEPRECATED_OBJC_IMPLEMENTATIONS = YES;
				CLANG_WARN_DIRECT_OBJC_ISA_USAGE = YES_ERROR;
				CLANG_WARN_DOCUMENTATION_COMMENTS = YES;
				CLANG_WARN_EMPTY_BODY = YES;
				CLANG_WARN_ENUM_CONVERSION = YES;
				CLANG_WARN_INFINITE_RECURSION = YES;
				CLANG_WARN_INT_CONVERSION = YES;
				CLANG_WARN_NON_LITERAL_NULL_CONVERSION = YES;
				CLANG_WARN_OBJC_IMPLICIT_RETAIN_SELF = YES;
				CLANG_WARN_OBJC_LITERAL_CONVERSION = YES;
				CLANG_WARN_OBJC_ROOT_CLASS = YES_ERROR;
				CLANG_WARN_QUOTED_INCLUDE_IN_FRAMEWORK_HEADER = YES;
				CLANG_WARN_RANGE_LOOP_ANALYSIS = YES;
				CLANG_WARN_STRICT_PROTOTYPES = YES;
				CLANG_WARN_SUSPICIOUS_MOVE = YES;
				CLANG_WARN_UNGUARDED_AVAILABILITY = YES_AGGRESSIVE;
				CLANG_WARN_UNREACHABLE_CODE = YES;
				CLANG_WARN__DUPLICATE_METHOD_MATCH = YES;
				COPY_PHASE_STRIP = NO;
				DEBUG_INFORMATION_FORMAT = dwarf;
				ENABLE_STRICT_OBJC_MSGSEND = YES;
				ENABLE_TESTABILITY = YES;
				GCC_C_LANGUAGE_STANDARD = gnu11;
				GCC_DYNAMIC_NO_PIC = NO;
				GCC_NO_COMMON_BLOCKS = YES;
				GCC_OPTIMIZATION_LEVEL = 0;
				GCC_PREPROCESSOR_DEFINITIONS = (
					"DEBUG=1",
					"$(inherited)",
				);
				GCC_WARN_64_TO_32_BIT_CONVERSION = YES;
				GCC_WARN_ABOUT_RETURN_TYPE = YES_ERROR;
				GCC_WARN_UNDECLARED_SELECTOR = YES;
				GCC_WARN_UNINITIALIZED_AUTOS = YES_AGGRESSIVE;
				GCC_WARN_UNUSED_FUNCTION = YES;
				GCC_WARN_UNUSED_VARIABLE = YES;
				IPHONEOS_DEPLOYMENT_TARGET = 14.0;
				MTL_ENABLE_DEBUG_INFO = INCLUDE_SOURCE;
				MTL_FAST_MATH = YES;
				ONLY_ACTIVE_ARCH = YES;
				SDKROOT = iphoneos;
				SWIFT_ACTIVE_COMPILATION_CONDITIONS = DEBUG;
				SWIFT_OPTIMIZATION_LEVEL = "-Onone";
			};
			name = Debug;
		};
		B125F54129B5F86D00C4BA2D /* Release */ = {
			isa = XCBuildConfiguration;
			buildSettings = {
				ALWAYS_SEARCH_USER_PATHS = NO;
				CLANG_ANALYZER_NONNULL = YES;
				CLANG_ANALYZER_NUMBER_OBJECT_CONVERSION = YES_AGGRESSIVE;
				CLANG_CXX_LANGUAGE_STANDARD = "gnu++20";
				CLANG_ENABLE_MODULES = YES;
				CLANG_ENABLE_OBJC_ARC = YES;
				CLANG_ENABLE_OBJC_WEAK = YES;
				CLANG_WARN_BLOCK_CAPTURE_AUTORELEASING = YES;
				CLANG_WARN_BOOL_CONVERSION = YES;
				CLANG_WARN_COMMA = YES;
				CLANG_WARN_CONSTANT_CONVERSION = YES;
				CLANG_WARN_DEPRECATED_OBJC_IMPLEMENTATIONS = YES;
				CLANG_WARN_DIRECT_OBJC_ISA_USAGE = YES_ERROR;
				CLANG_WARN_DOCUMENTATION_COMMENTS = YES;
				CLANG_WARN_EMPTY_BODY = YES;
				CLANG_WARN_ENUM_CONVERSION = YES;
				CLANG_WARN_INFINITE_RECURSION = YES;
				CLANG_WARN_INT_CONVERSION = YES;
				CLANG_WARN_NON_LITERAL_NULL_CONVERSION = YES;
				CLANG_WARN_OBJC_IMPLICIT_RETAIN_SELF = YES;
				CLANG_WARN_OBJC_LITERAL_CONVERSION = YES;
				CLANG_WARN_OBJC_ROOT_CLASS = YES_ERROR;
				CLANG_WARN_QUOTED_INCLUDE_IN_FRAMEWORK_HEADER = YES;
				CLANG_WARN_RANGE_LOOP_ANALYSIS = YES;
				CLANG_WARN_STRICT_PROTOTYPES = YES;
				CLANG_WARN_SUSPICIOUS_MOVE = YES;
				CLANG_WARN_UNGUARDED_AVAILABILITY = YES_AGGRESSIVE;
				CLANG_WARN_UNREACHABLE_CODE = YES;
				CLANG_WARN__DUPLICATE_METHOD_MATCH = YES;
				COPY_PHASE_STRIP = NO;
				DEBUG_INFORMATION_FORMAT = "dwarf-with-dsym";
				ENABLE_NS_ASSERTIONS = NO;
				ENABLE_STRICT_OBJC_MSGSEND = YES;
				GCC_C_LANGUAGE_STANDARD = gnu11;
				GCC_NO_COMMON_BLOCKS = YES;
				GCC_WARN_64_TO_32_BIT_CONVERSION = YES;
				GCC_WARN_ABOUT_RETURN_TYPE = YES_ERROR;
				GCC_WARN_UNDECLARED_SELECTOR = YES;
				GCC_WARN_UNINITIALIZED_AUTOS = YES_AGGRESSIVE;
				GCC_WARN_UNUSED_FUNCTION = YES;
				GCC_WARN_UNUSED_VARIABLE = YES;
				IPHONEOS_DEPLOYMENT_TARGET = 14.0;
				MTL_ENABLE_DEBUG_INFO = NO;
				MTL_FAST_MATH = YES;
				SDKROOT = iphoneos;
				SWIFT_COMPILATION_MODE = wholemodule;
				SWIFT_OPTIMIZATION_LEVEL = "-O";
				VALIDATE_PRODUCT = YES;
			};
			name = Release;
		};
		B125F54329B5F86D00C4BA2D /* Debug */ = {
			isa = XCBuildConfiguration;
			buildSettings = {
				ASSETCATALOG_COMPILER_APPICON_NAME = AppIcon;
				ASSETCATALOG_COMPILER_GLOBAL_ACCENT_COLOR_NAME = AccentColor;
				CODE_SIGN_STYLE = Automatic;
				CURRENT_PROJECT_VERSION = 1;
				DEVELOPMENT_TEAM = 2YCWSAT8JT;
				GENERATE_INFOPLIST_FILE = YES;
				INFOPLIST_FILE = UIKit_Code_Navigation_tutorial/Info.plist;
				INFOPLIST_KEY_UIApplicationSupportsIndirectInputEvents = YES;
				INFOPLIST_KEY_UILaunchStoryboardName = LaunchScreen;
				INFOPLIST_KEY_UIMainStoryboardFile = Main;
				INFOPLIST_KEY_UISupportedInterfaceOrientations = UIInterfaceOrientationPortrait;
				INFOPLIST_KEY_UISupportedInterfaceOrientations_iPad = "UIInterfaceOrientationLandscapeLeft UIInterfaceOrientationLandscapeRight UIInterfaceOrientationPortrait UIInterfaceOrientationPortraitUpsideDown";
				IPHONEOS_DEPLOYMENT_TARGET = 14.0;
				LD_RUNPATH_SEARCH_PATHS = (
					"$(inherited)",
					"@executable_path/Frameworks",
				);
				MARKETING_VERSION = 1.0;
				PRODUCT_BUNDLE_IDENTIFIER = "com.i-yongil.UIKit-Code-Navigation-tutorial";
				PRODUCT_NAME = "$(TARGET_NAME)";
				SUPPORTED_PLATFORMS = "iphoneos iphonesimulator";
				SUPPORTS_MACCATALYST = NO;
				SUPPORTS_MAC_DESIGNED_FOR_IPHONE_IPAD = NO;
				SWIFT_EMIT_LOC_STRINGS = YES;
				SWIFT_VERSION = 5.0;
				TARGETED_DEVICE_FAMILY = 1;
			};
			name = Debug;
		};
		B125F54429B5F86D00C4BA2D /* Release */ = {
			isa = XCBuildConfiguration;
			buildSettings = {
				ASSETCATALOG_COMPILER_APPICON_NAME = AppIcon;
				ASSETCATALOG_COMPILER_GLOBAL_ACCENT_COLOR_NAME = AccentColor;
				CODE_SIGN_STYLE = Automatic;
				CURRENT_PROJECT_VERSION = 1;
				DEVELOPMENT_TEAM = 2YCWSAT8JT;
				GENERATE_INFOPLIST_FILE = YES;
				INFOPLIST_FILE = UIKit_Code_Navigation_tutorial/Info.plist;
				INFOPLIST_KEY_UIApplicationSupportsIndirectInputEvents = YES;
				INFOPLIST_KEY_UILaunchStoryboardName = LaunchScreen;
				INFOPLIST_KEY_UIMainStoryboardFile = Main;
				INFOPLIST_KEY_UISupportedInterfaceOrientations = UIInterfaceOrientationPortrait;
				INFOPLIST_KEY_UISupportedInterfaceOrientations_iPad = "UIInterfaceOrientationLandscapeLeft UIInterfaceOrientationLandscapeRight UIInterfaceOrientationPortrait UIInterfaceOrientationPortraitUpsideDown";
				IPHONEOS_DEPLOYMENT_TARGET = 14.0;
				LD_RUNPATH_SEARCH_PATHS = (
					"$(inherited)",
					"@executable_path/Frameworks",
				);
				MARKETING_VERSION = 1.0;
				PRODUCT_BUNDLE_IDENTIFIER = "com.i-yongil.UIKit-Code-Navigation-tutorial";
				PRODUCT_NAME = "$(TARGET_NAME)";
				SUPPORTED_PLATFORMS = "iphoneos iphonesimulator";
				SUPPORTS_MACCATALYST = NO;
				SUPPORTS_MAC_DESIGNED_FOR_IPHONE_IPAD = NO;
				SWIFT_EMIT_LOC_STRINGS = YES;
				SWIFT_VERSION = 5.0;
				TARGETED_DEVICE_FAMILY = 1;
			};
			name = Release;
		};
/* End XCBuildConfiguration section */

/* Begin XCConfigurationList section */
		B125F52929B5F86C00C4BA2D /* Build configuration list for PBXProject "UIKit_Code_Navigation_tutorial" */ = {
			isa = XCConfigurationList;
			buildConfigurations = (
				B125F54029B5F86D00C4BA2D /* Debug */,
				B125F54129B5F86D00C4BA2D /* Release */,
			);
			defaultConfigurationIsVisible = 0;
			defaultConfigurationName = Release;
		};
		B125F54229B5F86D00C4BA2D /* Build configuration list for PBXNativeTarget "UIKit_Code_Navigation_tutorial" */ = {
			isa = XCConfigurationList;
			buildConfigurations = (
				B125F54329B5F86D00C4BA2D /* Debug */,
				B125F54429B5F86D00C4BA2D /* Release */,
			);
			defaultConfigurationIsVisible = 0;
			defaultConfigurationName = Release;
		};
/* End XCConfigurationList section */
	};
	rootObject = B125F52629B5F86C00C4BA2D /* Project object */;
}
